// !$*UTF8*$!
{
	archiveVersion = 1;
	classes = {
	};
	objectVersion = 55;
	objects = {

/* Begin PBXBuildFile section */
		310F966D297C6B7200B5F5B8 /* InformationAboutUsModel.swift in Sources */ = {isa = PBXBuildFile; fileRef = 310F966C297C6B7200B5F5B8 /* InformationAboutUsModel.swift */; };
		310F966F2984410200B5F5B8 /* SizeListTableViewCell.swift in Sources */ = {isa = PBXBuildFile; fileRef = 310F966E2984410200B5F5B8 /* SizeListTableViewCell.swift */; };
		310F9671298460A600B5F5B8 /* SizeContainerTableViewCell.swift in Sources */ = {isa = PBXBuildFile; fileRef = 310F9670298460A600B5F5B8 /* SizeContainerTableViewCell.swift */; };
		310F967329850C0300B5F5B8 /* ContactTableViewCell.swift in Sources */ = {isa = PBXBuildFile; fileRef = 310F967229850C0300B5F5B8 /* ContactTableViewCell.swift */; };
		31261E2429B9F3D20072CC86 /* ProductLIstVC+SearchBarDelegate.swift in Sources */ = {isa = PBXBuildFile; fileRef = 31261E2329B9F3D20072CC86 /* ProductLIstVC+SearchBarDelegate.swift */; };
		312DB310294DBECE003A8043 /* ReviewsCollectionViewCell.swift in Sources */ = {isa = PBXBuildFile; fileRef = 312DB30F294DBECE003A8043 /* ReviewsCollectionViewCell.swift */; };
		314B7FF529374FFA004CA151 /* ProductCardViewController.swift in Sources */ = {isa = PBXBuildFile; fileRef = 314B7FF429374FFA004CA151 /* ProductCardViewController.swift */; };
		314B7FFC2939392C004CA151 /* ProductCardManager.swift in Sources */ = {isa = PBXBuildFile; fileRef = 314B7FFB2939392C004CA151 /* ProductCardManager.swift */; };
		314B7FFE293CCCFC004CA151 /* GalleryCollectionViewCell.swift in Sources */ = {isa = PBXBuildFile; fileRef = 314B7FFD293CCCFC004CA151 /* GalleryCollectionViewCell.swift */; };
		316820702907CC8000E28F62 /* ProductCardModel.swift in Sources */ = {isa = PBXBuildFile; fileRef = 3168206F2907CC8000E28F62 /* ProductCardModel.swift */; };
		316820722907CCC000E28F62 /* NewProductManager.swift in Sources */ = {isa = PBXBuildFile; fileRef = 316820712907CCC000E28F62 /* NewProductManager.swift */; };
		317261B92948B4E700B73E41 /* AddToCartTableViewCell.swift in Sources */ = {isa = PBXBuildFile; fileRef = 317261B82948B4E700B73E41 /* AddToCartTableViewCell.swift */; };
		318D848A29FCF46700E0455E /* AnimationManager.swift in Sources */ = {isa = PBXBuildFile; fileRef = 318D848929FCF46700E0455E /* AnimationManager.swift */; };
		318D848C29FCF4A400E0455E /* ShadowManager.swift in Sources */ = {isa = PBXBuildFile; fileRef = 318D848B29FCF4A400E0455E /* ShadowManager.swift */; };
		318D848E29FCFA5A00E0455E /* SafeAreaManager.swift in Sources */ = {isa = PBXBuildFile; fileRef = 318D848D29FCFA5A00E0455E /* SafeAreaManager.swift */; };
		318D849129FD328F00E0455E /* InformationView.swift in Sources */ = {isa = PBXBuildFile; fileRef = 318D849029FD328F00E0455E /* InformationView.swift */; };
		318D849329FD32B100E0455E /* InformationViewModel.swift in Sources */ = {isa = PBXBuildFile; fileRef = 318D849229FD32B100E0455E /* InformationViewModel.swift */; };
		318D849529FD32CF00E0455E /* InformationViewModelProtocol.swift in Sources */ = {isa = PBXBuildFile; fileRef = 318D849429FD32CF00E0455E /* InformationViewModelProtocol.swift */; };
		318D849729FD3C8D00E0455E /* BlurInformationView.swift in Sources */ = {isa = PBXBuildFile; fileRef = 318D849629FD3C8D00E0455E /* BlurInformationView.swift */; };
		318D849B29FE4E5600E0455E /* InformationTableViewCell.swift in Sources */ = {isa = PBXBuildFile; fileRef = 318D849A29FE4E5600E0455E /* InformationTableViewCell.swift */; };
		318D849D29FE4E6A00E0455E /* InformationTableViewCellViewModel.swift in Sources */ = {isa = PBXBuildFile; fileRef = 318D849C29FE4E6A00E0455E /* InformationTableViewCellViewModel.swift */; };
		318D849F29FE4E7400E0455E /* InformationTableViewCellViewModelProtocol.swift in Sources */ = {isa = PBXBuildFile; fileRef = 318D849E29FE4E7400E0455E /* InformationTableViewCellViewModelProtocol.swift */; };
		318D84A12A0001CA00E0455E /* Information.swift in Sources */ = {isa = PBXBuildFile; fileRef = 318D84A02A0001CA00E0455E /* Information.swift */; };
		318D84A32A00020500E0455E /* Size.swift in Sources */ = {isa = PBXBuildFile; fileRef = 318D84A22A00020500E0455E /* Size.swift */; };
		318D84A62A0002D100E0455E /* InformationData.swift in Sources */ = {isa = PBXBuildFile; fileRef = 318D84A52A0002D100E0455E /* InformationData.swift */; };
		318D84A82A0002D800E0455E /* SizeData.swift in Sources */ = {isa = PBXBuildFile; fileRef = 318D84A72A0002D800E0455E /* SizeData.swift */; };
		318D84AE2A0248D000E0455E /* Box.swift in Sources */ = {isa = PBXBuildFile; fileRef = 318D84AD2A0248D000E0455E /* Box.swift */; };
		318D84B02A028E6600E0455E /* SizeTableViewCell.swift in Sources */ = {isa = PBXBuildFile; fileRef = 318D84AF2A028E6600E0455E /* SizeTableViewCell.swift */; };
		318D84B22A028EB100E0455E /* SizeTableViewCellViewModel.swift in Sources */ = {isa = PBXBuildFile; fileRef = 318D84B12A028EB100E0455E /* SizeTableViewCellViewModel.swift */; };
		318D84B42A028ED200E0455E /* SizeTableViewCellViewModelProtocol.swift in Sources */ = {isa = PBXBuildFile; fileRef = 318D84B32A028ED200E0455E /* SizeTableViewCellViewModelProtocol.swift */; };
		318D84B72A02A33D00E0455E /* ContainerTableViewCell.swift in Sources */ = {isa = PBXBuildFile; fileRef = 318D84B62A02A33D00E0455E /* ContainerTableViewCell.swift */; };
		318D84B92A02B4DE00E0455E /* ContactsTableViewCell.swift in Sources */ = {isa = PBXBuildFile; fileRef = 318D84B82A02B4DE00E0455E /* ContactsTableViewCell.swift */; };
		318D84BB2A02B50E00E0455E /* ContactsTableViewCellViewModel.swift in Sources */ = {isa = PBXBuildFile; fileRef = 318D84BA2A02B50E00E0455E /* ContactsTableViewCellViewModel.swift */; };
		318D84BD2A02B52E00E0455E /* ContactsTableViewCellViewModelProtocol.swift in Sources */ = {isa = PBXBuildFile; fileRef = 318D84BC2A02B52E00E0455E /* ContactsTableViewCellViewModelProtocol.swift */; };
		318D84BF2A02B64400E0455E /* Contacts.swift in Sources */ = {isa = PBXBuildFile; fileRef = 318D84BE2A02B64400E0455E /* Contacts.swift */; };
		318D84C12A02B67A00E0455E /* ContactsData.swift in Sources */ = {isa = PBXBuildFile; fileRef = 318D84C02A02B67A00E0455E /* ContactsData.swift */; };
		318D84C32A02D3EB00E0455E /* EmailManager.swift in Sources */ = {isa = PBXBuildFile; fileRef = 318D84C22A02D3EB00E0455E /* EmailManager.swift */; };
		31958344292D0F9D000CB4DD /* InformationAbousUsViewController.swift in Sources */ = {isa = PBXBuildFile; fileRef = 31958343292D0F9D000CB4DD /* InformationAbousUsViewController.swift */; };
		319F668229A25406007100C0 /* NextButtonCollectionViewCell.swift in Sources */ = {isa = PBXBuildFile; fileRef = 319F668129A25406007100C0 /* NextButtonCollectionViewCell.swift */; };
		319F668429A260B9007100C0 /* Constants.swift in Sources */ = {isa = PBXBuildFile; fileRef = 319F668329A260B9007100C0 /* Constants.swift */; };
		319F668729A264F9007100C0 /* WriteReviewViewController.swift in Sources */ = {isa = PBXBuildFile; fileRef = 319F668629A264F9007100C0 /* WriteReviewViewController.swift */; };
		319F668929A27624007100C0 /* WriteReviewController+CustomNavigationView.swift in Sources */ = {isa = PBXBuildFile; fileRef = 319F668829A27624007100C0 /* WriteReviewController+CustomNavigationView.swift */; };
		319F668B29A3BB13007100C0 /* WriteReviewVC+TextFieldDelegate.swift in Sources */ = {isa = PBXBuildFile; fileRef = 319F668A29A3BB13007100C0 /* WriteReviewVC+TextFieldDelegate.swift */; };
		319F668D29A4084B007100C0 /* ProductsListVC+CustomNavigationController.swift in Sources */ = {isa = PBXBuildFile; fileRef = 319F668C29A4084B007100C0 /* ProductsListVC+CustomNavigationController.swift */; };
		319F669029A40CBC007100C0 /* ProductCollectionViewCell.swift in Sources */ = {isa = PBXBuildFile; fileRef = 319F668F29A40CBC007100C0 /* ProductCollectionViewCell.swift */; };
		319F669229A40D2C007100C0 /* ProductsListVC+CollectionViewDlegate.swift in Sources */ = {isa = PBXBuildFile; fileRef = 319F669129A40D2C007100C0 /* ProductsListVC+CollectionViewDlegate.swift */; };
		319F669429A5280E007100C0 /* ProductsGalleryCollectionViewCell.swift in Sources */ = {isa = PBXBuildFile; fileRef = 319F669329A5280E007100C0 /* ProductsGalleryCollectionViewCell.swift */; };
		319F669629AE0005007100C0 /* CategoriesCollectionViewCell.swift in Sources */ = {isa = PBXBuildFile; fileRef = 319F669529AE0005007100C0 /* CategoriesCollectionViewCell.swift */; };
		319F669829AE1536007100C0 /* ProductListVC+ScrollViewDelegate.swift in Sources */ = {isa = PBXBuildFile; fileRef = 319F669729AE1536007100C0 /* ProductListVC+ScrollViewDelegate.swift */; };
		31ACD43927FE170500DAD756 /* AppDelegate.swift in Sources */ = {isa = PBXBuildFile; fileRef = 31ACD43827FE170500DAD756 /* AppDelegate.swift */; };
		31ACD44227FE170600DAD756 /* Assets.xcassets in Resources */ = {isa = PBXBuildFile; fileRef = 31ACD44127FE170600DAD756 /* Assets.xcassets */; };
		31ACD44527FE170600DAD756 /* LaunchScreen.storyboard in Resources */ = {isa = PBXBuildFile; fileRef = 31ACD44327FE170600DAD756 /* LaunchScreen.storyboard */; };
		31ACD44D27FE183B00DAD756 /* MainViewController.swift in Sources */ = {isa = PBXBuildFile; fileRef = 31ACD44C27FE183B00DAD756 /* MainViewController.swift */; };
		31B710EE290D495C00E6CA04 /* PresentationCollectionViewCell.swift in Sources */ = {isa = PBXBuildFile; fileRef = 31B710ED290D495C00E6CA04 /* PresentationCollectionViewCell.swift */; };
		31B710F2290E863A00E6CA04 /* NewProductsCollectionViewCell.swift in Sources */ = {isa = PBXBuildFile; fileRef = 31B710F1290E863A00E6CA04 /* NewProductsCollectionViewCell.swift */; };
		31B710F4290FCC0E00E6CA04 /* PartnersCollectionViewCell.swift in Sources */ = {isa = PBXBuildFile; fileRef = 31B710F3290FCC0E00E6CA04 /* PartnersCollectionViewCell.swift */; };
		31B710F6290FD0C500E6CA04 /* PartnersData.swift in Sources */ = {isa = PBXBuildFile; fileRef = 31B710F5290FD0C500E6CA04 /* PartnersData.swift */; };
		31B710FB290FF7E700E6CA04 /* InfoTableViewCell.swift in Sources */ = {isa = PBXBuildFile; fileRef = 31B710FA290FF7E700E6CA04 /* InfoTableViewCell.swift */; };
		31C52E6829FABF21009F6859 /* MainScreenViewModelProtocol.swift in Sources */ = {isa = PBXBuildFile; fileRef = 31C52E6729FABF21009F6859 /* MainScreenViewModelProtocol.swift */; };
		31C52E6A29FABF4C009F6859 /* MainScreenViewModel.swift in Sources */ = {isa = PBXBuildFile; fileRef = 31C52E6929FABF4C009F6859 /* MainScreenViewModel.swift */; };
		31C52E6E29FAC3C7009F6859 /* Product.swift in Sources */ = {isa = PBXBuildFile; fileRef = 31C52E6D29FAC3C7009F6859 /* Product.swift */; };
		31C52E7129FAC4A1009F6859 /* NetworkManager.swift in Sources */ = {isa = PBXBuildFile; fileRef = 31C52E7029FAC4A1009F6859 /* NetworkManager.swift */; };
		31C52E7429FAC7AB009F6859 /* MainScreenNewProductsCollectionViewCell.swift in Sources */ = {isa = PBXBuildFile; fileRef = 31C52E7329FAC7AB009F6859 /* MainScreenNewProductsCollectionViewCell.swift */; };
		31C52E7629FAC816009F6859 /* MainScreenNewProductsCollectionViewCellViewModelProtocol.swift in Sources */ = {isa = PBXBuildFile; fileRef = 31C52E7529FAC816009F6859 /* MainScreenNewProductsCollectionViewCellViewModelProtocol.swift */; };
		31C52E7829FAC82B009F6859 /* MainScreenNewProductsCollectionViewCellViewModel.swift in Sources */ = {isa = PBXBuildFile; fileRef = 31C52E7729FAC82B009F6859 /* MainScreenNewProductsCollectionViewCellViewModel.swift */; };
		31C52E7A29FACF1E009F6859 /* MainScreenViewController.swift in Sources */ = {isa = PBXBuildFile; fileRef = 31C52E7929FACF1E009F6859 /* MainScreenViewController.swift */; };
		31C52E7E29FAF075009F6859 /* ImageManager.swift in Sources */ = {isa = PBXBuildFile; fileRef = 31C52E7D29FAF075009F6859 /* ImageManager.swift */; };
		31DAA58529BC6EBD00BCD245 /* TabBarController.swift in Sources */ = {isa = PBXBuildFile; fileRef = 31DAA58429BC6EBD00BCD245 /* TabBarController.swift */; };
		31DAA58A29BC787600BCD245 /* CategoriesViewController.swift in Sources */ = {isa = PBXBuildFile; fileRef = 31DAA58929BC787600BCD245 /* CategoriesViewController.swift */; };
		31DAA58C29BC795200BCD245 /* CategoriesVC+TableViewDelegate.swift in Sources */ = {isa = PBXBuildFile; fileRef = 31DAA58B29BC795200BCD245 /* CategoriesVC+TableViewDelegate.swift */; };
		31DAA58F29BC79B300BCD245 /* CategoriesTableViewCell.swift in Sources */ = {isa = PBXBuildFile; fileRef = 31DAA58E29BC79B300BCD245 /* CategoriesTableViewCell.swift */; };
		31DAA59129BC7A9D00BCD245 /* CategoriesVC+SearchControllerDelegate.swift in Sources */ = {isa = PBXBuildFile; fileRef = 31DAA59029BC7A9D00BCD245 /* CategoriesVC+SearchControllerDelegate.swift */; };
		31DAA59429BC82CB00BCD245 /* CartViewController.swift in Sources */ = {isa = PBXBuildFile; fileRef = 31DAA59329BC82CB00BCD245 /* CartViewController.swift */; };
		31DAA59729BC837300BCD245 /* FavouritesViewController.swift in Sources */ = {isa = PBXBuildFile; fileRef = 31DAA59629BC837300BCD245 /* FavouritesViewController.swift */; };
		31DAA59A29BC840200BCD245 /* UserProfileViewController.swift in Sources */ = {isa = PBXBuildFile; fileRef = 31DAA59929BC840200BCD245 /* UserProfileViewController.swift */; };
		31DAA59C29BF113600BCD245 /* SearchManager.swift in Sources */ = {isa = PBXBuildFile; fileRef = 31DAA59B29BF113600BCD245 /* SearchManager.swift */; };
		31E3172529DD7DFE00F7BF57 /* CategoriesModel.swift in Sources */ = {isa = PBXBuildFile; fileRef = 31E3172429DD7DFE00F7BF57 /* CategoriesModel.swift */; };
		31E3172729DD7E0800F7BF57 /* CategoriesManager.swift in Sources */ = {isa = PBXBuildFile; fileRef = 31E3172629DD7E0800F7BF57 /* CategoriesManager.swift */; };
		31FDE4502994E99500397DED /* MainVC+SearchBar+UpdateSearchResults.swift in Sources */ = {isa = PBXBuildFile; fileRef = 31FDE44F2994E99500397DED /* MainVC+SearchBar+UpdateSearchResults.swift */; };
		31FDE4522994E9F200397DED /* MainVC+CollectionViews.swift in Sources */ = {isa = PBXBuildFile; fileRef = 31FDE4512994E9F200397DED /* MainVC+CollectionViews.swift */; };
		31FDE4542994EA4D00397DED /* MainVC+TableViews.swift in Sources */ = {isa = PBXBuildFile; fileRef = 31FDE4532994EA4D00397DED /* MainVC+TableViews.swift */; };
		31FDE4562994EBF100397DED /* MainVC+CustomNavigationView.swift in Sources */ = {isa = PBXBuildFile; fileRef = 31FDE4552994EBF100397DED /* MainVC+CustomNavigationView.swift */; };
		31FDE4582995055F00397DED /* UIViewExtensions.swift in Sources */ = {isa = PBXBuildFile; fileRef = 31FDE4572995055F00397DED /* UIViewExtensions.swift */; };
		31FDE45B2995313800397DED /* ProductCardVC+CollectionViews.swift in Sources */ = {isa = PBXBuildFile; fileRef = 31FDE45A2995313800397DED /* ProductCardVC+CollectionViews.swift */; };
		31FDE45D2995315300397DED /* ProductCardVC+TableViews.swift in Sources */ = {isa = PBXBuildFile; fileRef = 31FDE45C2995315300397DED /* ProductCardVC+TableViews.swift */; };
		31FDE45F299532B700397DED /* ProductCardVC+CustomNavigationView.swift in Sources */ = {isa = PBXBuildFile; fileRef = 31FDE45E299532B700397DED /* ProductCardVC+CustomNavigationView.swift */; };
		31FDE461299537B600397DED /* ProductCardVC+ScrollViewDelegate.swift in Sources */ = {isa = PBXBuildFile; fileRef = 31FDE460299537B600397DED /* ProductCardVC+ScrollViewDelegate.swift */; };
		31FDE46629953ABC00397DED /* InformationAboutUsData.swift in Sources */ = {isa = PBXBuildFile; fileRef = 31FDE46529953ABC00397DED /* InformationAboutUsData.swift */; };
		31FDE46A29953B4200397DED /* PreviewData.swift in Sources */ = {isa = PBXBuildFile; fileRef = 31FDE46929953B4200397DED /* PreviewData.swift */; };
		31FDE46E2997890C00397DED /* ProductsListViewController.swift in Sources */ = {isa = PBXBuildFile; fileRef = 31FDE46D2997890C00397DED /* ProductsListViewController.swift */; };
		31FDE470299A8C4800397DED /* ProductCardVC+TextFieldDelegate.swift in Sources */ = {isa = PBXBuildFile; fileRef = 31FDE46F299A8C4800397DED /* ProductCardVC+TextFieldDelegate.swift */; };
		31FDE473299B76E700397DED /* ReviewsModel.swift in Sources */ = {isa = PBXBuildFile; fileRef = 31FDE472299B76E700397DED /* ReviewsModel.swift */; };
		31FDE475299B76FA00397DED /* ReviewsManager.swift in Sources */ = {isa = PBXBuildFile; fileRef = 31FDE474299B76FA00397DED /* ReviewsManager.swift */; };
		31FDE478299D3C4200397DED /* RelatedManager.swift in Sources */ = {isa = PBXBuildFile; fileRef = 31FDE477299D3C4200397DED /* RelatedManager.swift */; };
		31FDE47A299D706A00397DED /* RelatedCollectionViewCell.swift in Sources */ = {isa = PBXBuildFile; fileRef = 31FDE479299D706A00397DED /* RelatedCollectionViewCell.swift */; };
		F6D850EDFA69236E520232BF /* Pods_cerenadaApp.framework in Frameworks */ = {isa = PBXBuildFile; fileRef = 75757C73A7D74269DDC194DB /* Pods_cerenadaApp.framework */; };
/* End PBXBuildFile section */

/* Begin PBXFileReference section */
		29E716721A9A3BE6F3DAEDF0 /* Pods-cerenadaApp.debug.xcconfig */ = {isa = PBXFileReference; includeInIndex = 1; lastKnownFileType = text.xcconfig; name = "Pods-cerenadaApp.debug.xcconfig"; path = "Target Support Files/Pods-cerenadaApp/Pods-cerenadaApp.debug.xcconfig"; sourceTree = "<group>"; };
		310F966C297C6B7200B5F5B8 /* InformationAboutUsModel.swift */ = {isa = PBXFileReference; lastKnownFileType = sourcecode.swift; path = InformationAboutUsModel.swift; sourceTree = "<group>"; };
		310F966E2984410200B5F5B8 /* SizeListTableViewCell.swift */ = {isa = PBXFileReference; lastKnownFileType = sourcecode.swift; path = SizeListTableViewCell.swift; sourceTree = "<group>"; };
		310F9670298460A600B5F5B8 /* SizeContainerTableViewCell.swift */ = {isa = PBXFileReference; lastKnownFileType = sourcecode.swift; path = SizeContainerTableViewCell.swift; sourceTree = "<group>"; };
		310F967229850C0300B5F5B8 /* ContactTableViewCell.swift */ = {isa = PBXFileReference; lastKnownFileType = sourcecode.swift; path = ContactTableViewCell.swift; sourceTree = "<group>"; };
		31261E2329B9F3D20072CC86 /* ProductLIstVC+SearchBarDelegate.swift */ = {isa = PBXFileReference; lastKnownFileType = sourcecode.swift; path = "ProductLIstVC+SearchBarDelegate.swift"; sourceTree = "<group>"; };
		312DB30F294DBECE003A8043 /* ReviewsCollectionViewCell.swift */ = {isa = PBXFileReference; lastKnownFileType = sourcecode.swift; path = ReviewsCollectionViewCell.swift; sourceTree = "<group>"; };
		314B7FF429374FFA004CA151 /* ProductCardViewController.swift */ = {isa = PBXFileReference; lastKnownFileType = sourcecode.swift; path = ProductCardViewController.swift; sourceTree = "<group>"; };
		314B7FFB2939392C004CA151 /* ProductCardManager.swift */ = {isa = PBXFileReference; lastKnownFileType = sourcecode.swift; path = ProductCardManager.swift; sourceTree = "<group>"; };
		314B7FFD293CCCFC004CA151 /* GalleryCollectionViewCell.swift */ = {isa = PBXFileReference; lastKnownFileType = sourcecode.swift; path = GalleryCollectionViewCell.swift; sourceTree = "<group>"; };
		3168206F2907CC8000E28F62 /* ProductCardModel.swift */ = {isa = PBXFileReference; lastKnownFileType = sourcecode.swift; path = ProductCardModel.swift; sourceTree = "<group>"; };
		316820712907CCC000E28F62 /* NewProductManager.swift */ = {isa = PBXFileReference; lastKnownFileType = sourcecode.swift; path = NewProductManager.swift; sourceTree = "<group>"; };
		317261B82948B4E700B73E41 /* AddToCartTableViewCell.swift */ = {isa = PBXFileReference; lastKnownFileType = sourcecode.swift; path = AddToCartTableViewCell.swift; sourceTree = "<group>"; };
		318D848929FCF46700E0455E /* AnimationManager.swift */ = {isa = PBXFileReference; lastKnownFileType = sourcecode.swift; path = AnimationManager.swift; sourceTree = "<group>"; };
		318D848B29FCF4A400E0455E /* ShadowManager.swift */ = {isa = PBXFileReference; lastKnownFileType = sourcecode.swift; path = ShadowManager.swift; sourceTree = "<group>"; };
		318D848D29FCFA5A00E0455E /* SafeAreaManager.swift */ = {isa = PBXFileReference; lastKnownFileType = sourcecode.swift; path = SafeAreaManager.swift; sourceTree = "<group>"; };
		318D849029FD328F00E0455E /* InformationView.swift */ = {isa = PBXFileReference; lastKnownFileType = sourcecode.swift; path = InformationView.swift; sourceTree = "<group>"; };
		318D849229FD32B100E0455E /* InformationViewModel.swift */ = {isa = PBXFileReference; lastKnownFileType = sourcecode.swift; path = InformationViewModel.swift; sourceTree = "<group>"; };
		318D849429FD32CF00E0455E /* InformationViewModelProtocol.swift */ = {isa = PBXFileReference; lastKnownFileType = sourcecode.swift; path = InformationViewModelProtocol.swift; sourceTree = "<group>"; };
		318D849629FD3C8D00E0455E /* BlurInformationView.swift */ = {isa = PBXFileReference; lastKnownFileType = sourcecode.swift; path = BlurInformationView.swift; sourceTree = "<group>"; };
		318D849A29FE4E5600E0455E /* InformationTableViewCell.swift */ = {isa = PBXFileReference; lastKnownFileType = sourcecode.swift; path = InformationTableViewCell.swift; sourceTree = "<group>"; };
		318D849C29FE4E6A00E0455E /* InformationTableViewCellViewModel.swift */ = {isa = PBXFileReference; lastKnownFileType = sourcecode.swift; path = InformationTableViewCellViewModel.swift; sourceTree = "<group>"; };
		318D849E29FE4E7400E0455E /* InformationTableViewCellViewModelProtocol.swift */ = {isa = PBXFileReference; lastKnownFileType = sourcecode.swift; path = InformationTableViewCellViewModelProtocol.swift; sourceTree = "<group>"; };
		318D84A02A0001CA00E0455E /* Information.swift */ = {isa = PBXFileReference; lastKnownFileType = sourcecode.swift; path = Information.swift; sourceTree = "<group>"; };
		318D84A22A00020500E0455E /* Size.swift */ = {isa = PBXFileReference; lastKnownFileType = sourcecode.swift; path = Size.swift; sourceTree = "<group>"; };
		318D84A52A0002D100E0455E /* InformationData.swift */ = {isa = PBXFileReference; lastKnownFileType = sourcecode.swift; path = InformationData.swift; sourceTree = "<group>"; };
		318D84A72A0002D800E0455E /* SizeData.swift */ = {isa = PBXFileReference; lastKnownFileType = sourcecode.swift; path = SizeData.swift; sourceTree = "<group>"; };
		318D84AD2A0248D000E0455E /* Box.swift */ = {isa = PBXFileReference; fileEncoding = 4; lastKnownFileType = sourcecode.swift; path = Box.swift; sourceTree = "<group>"; };
		318D84AF2A028E6600E0455E /* SizeTableViewCell.swift */ = {isa = PBXFileReference; lastKnownFileType = sourcecode.swift; path = SizeTableViewCell.swift; sourceTree = "<group>"; };
		318D84B12A028EB100E0455E /* SizeTableViewCellViewModel.swift */ = {isa = PBXFileReference; lastKnownFileType = sourcecode.swift; path = SizeTableViewCellViewModel.swift; sourceTree = "<group>"; };
		318D84B32A028ED200E0455E /* SizeTableViewCellViewModelProtocol.swift */ = {isa = PBXFileReference; lastKnownFileType = sourcecode.swift; path = SizeTableViewCellViewModelProtocol.swift; sourceTree = "<group>"; };
		318D84B62A02A33D00E0455E /* ContainerTableViewCell.swift */ = {isa = PBXFileReference; lastKnownFileType = sourcecode.swift; path = ContainerTableViewCell.swift; sourceTree = "<group>"; };
		318D84B82A02B4DE00E0455E /* ContactsTableViewCell.swift */ = {isa = PBXFileReference; lastKnownFileType = sourcecode.swift; path = ContactsTableViewCell.swift; sourceTree = "<group>"; };
		318D84BA2A02B50E00E0455E /* ContactsTableViewCellViewModel.swift */ = {isa = PBXFileReference; lastKnownFileType = sourcecode.swift; path = ContactsTableViewCellViewModel.swift; sourceTree = "<group>"; };
		318D84BC2A02B52E00E0455E /* ContactsTableViewCellViewModelProtocol.swift */ = {isa = PBXFileReference; lastKnownFileType = sourcecode.swift; path = ContactsTableViewCellViewModelProtocol.swift; sourceTree = "<group>"; };
		318D84BE2A02B64400E0455E /* Contacts.swift */ = {isa = PBXFileReference; lastKnownFileType = sourcecode.swift; path = Contacts.swift; sourceTree = "<group>"; };
		318D84C02A02B67A00E0455E /* ContactsData.swift */ = {isa = PBXFileReference; lastKnownFileType = sourcecode.swift; path = ContactsData.swift; sourceTree = "<group>"; };
		318D84C22A02D3EB00E0455E /* EmailManager.swift */ = {isa = PBXFileReference; lastKnownFileType = sourcecode.swift; path = EmailManager.swift; sourceTree = "<group>"; };
		31958343292D0F9D000CB4DD /* InformationAbousUsViewController.swift */ = {isa = PBXFileReference; lastKnownFileType = sourcecode.swift; path = InformationAbousUsViewController.swift; sourceTree = "<group>"; };
		319F668129A25406007100C0 /* NextButtonCollectionViewCell.swift */ = {isa = PBXFileReference; lastKnownFileType = sourcecode.swift; path = NextButtonCollectionViewCell.swift; sourceTree = "<group>"; };
		319F668329A260B9007100C0 /* Constants.swift */ = {isa = PBXFileReference; lastKnownFileType = sourcecode.swift; path = Constants.swift; sourceTree = "<group>"; };
		319F668629A264F9007100C0 /* WriteReviewViewController.swift */ = {isa = PBXFileReference; lastKnownFileType = sourcecode.swift; path = WriteReviewViewController.swift; sourceTree = "<group>"; };
		319F668829A27624007100C0 /* WriteReviewController+CustomNavigationView.swift */ = {isa = PBXFileReference; lastKnownFileType = sourcecode.swift; path = "WriteReviewController+CustomNavigationView.swift"; sourceTree = "<group>"; };
		319F668A29A3BB13007100C0 /* WriteReviewVC+TextFieldDelegate.swift */ = {isa = PBXFileReference; lastKnownFileType = sourcecode.swift; path = "WriteReviewVC+TextFieldDelegate.swift"; sourceTree = "<group>"; };
		319F668C29A4084B007100C0 /* ProductsListVC+CustomNavigationController.swift */ = {isa = PBXFileReference; lastKnownFileType = sourcecode.swift; path = "ProductsListVC+CustomNavigationController.swift"; sourceTree = "<group>"; };
		319F668F29A40CBC007100C0 /* ProductCollectionViewCell.swift */ = {isa = PBXFileReference; lastKnownFileType = sourcecode.swift; path = ProductCollectionViewCell.swift; sourceTree = "<group>"; };
		319F669129A40D2C007100C0 /* ProductsListVC+CollectionViewDlegate.swift */ = {isa = PBXFileReference; lastKnownFileType = sourcecode.swift; path = "ProductsListVC+CollectionViewDlegate.swift"; sourceTree = "<group>"; };
		319F669329A5280E007100C0 /* ProductsGalleryCollectionViewCell.swift */ = {isa = PBXFileReference; lastKnownFileType = sourcecode.swift; path = ProductsGalleryCollectionViewCell.swift; sourceTree = "<group>"; };
		319F669529AE0005007100C0 /* CategoriesCollectionViewCell.swift */ = {isa = PBXFileReference; lastKnownFileType = sourcecode.swift; path = CategoriesCollectionViewCell.swift; sourceTree = "<group>"; };
		319F669729AE1536007100C0 /* ProductListVC+ScrollViewDelegate.swift */ = {isa = PBXFileReference; lastKnownFileType = sourcecode.swift; path = "ProductListVC+ScrollViewDelegate.swift"; sourceTree = "<group>"; };
		31ACD43527FE170500DAD756 /* cerenadaApp.app */ = {isa = PBXFileReference; explicitFileType = wrapper.application; includeInIndex = 0; path = cerenadaApp.app; sourceTree = BUILT_PRODUCTS_DIR; };
		31ACD43827FE170500DAD756 /* AppDelegate.swift */ = {isa = PBXFileReference; lastKnownFileType = sourcecode.swift; path = AppDelegate.swift; sourceTree = "<group>"; };
		31ACD44127FE170600DAD756 /* Assets.xcassets */ = {isa = PBXFileReference; lastKnownFileType = folder.assetcatalog; path = Assets.xcassets; sourceTree = "<group>"; };
		31ACD44427FE170600DAD756 /* Base */ = {isa = PBXFileReference; lastKnownFileType = file.storyboard; name = Base; path = Base.lproj/LaunchScreen.storyboard; sourceTree = "<group>"; };
		31ACD44627FE170600DAD756 /* Info.plist */ = {isa = PBXFileReference; lastKnownFileType = text.plist.xml; path = Info.plist; sourceTree = "<group>"; };
		31ACD44C27FE183B00DAD756 /* MainViewController.swift */ = {isa = PBXFileReference; lastKnownFileType = sourcecode.swift; path = MainViewController.swift; sourceTree = "<group>"; };
		31B710ED290D495C00E6CA04 /* PresentationCollectionViewCell.swift */ = {isa = PBXFileReference; lastKnownFileType = sourcecode.swift; path = PresentationCollectionViewCell.swift; sourceTree = "<group>"; };
		31B710F1290E863A00E6CA04 /* NewProductsCollectionViewCell.swift */ = {isa = PBXFileReference; lastKnownFileType = sourcecode.swift; path = NewProductsCollectionViewCell.swift; sourceTree = "<group>"; };
		31B710F3290FCC0E00E6CA04 /* PartnersCollectionViewCell.swift */ = {isa = PBXFileReference; lastKnownFileType = sourcecode.swift; path = PartnersCollectionViewCell.swift; sourceTree = "<group>"; };
		31B710F5290FD0C500E6CA04 /* PartnersData.swift */ = {isa = PBXFileReference; lastKnownFileType = sourcecode.swift; path = PartnersData.swift; sourceTree = "<group>"; };
		31B710FA290FF7E700E6CA04 /* InfoTableViewCell.swift */ = {isa = PBXFileReference; lastKnownFileType = sourcecode.swift; path = InfoTableViewCell.swift; sourceTree = "<group>"; };
		31C52E6729FABF21009F6859 /* MainScreenViewModelProtocol.swift */ = {isa = PBXFileReference; lastKnownFileType = sourcecode.swift; path = MainScreenViewModelProtocol.swift; sourceTree = "<group>"; };
		31C52E6929FABF4C009F6859 /* MainScreenViewModel.swift */ = {isa = PBXFileReference; lastKnownFileType = sourcecode.swift; path = MainScreenViewModel.swift; sourceTree = "<group>"; };
		31C52E6D29FAC3C7009F6859 /* Product.swift */ = {isa = PBXFileReference; lastKnownFileType = sourcecode.swift; path = Product.swift; sourceTree = "<group>"; };
		31C52E7029FAC4A1009F6859 /* NetworkManager.swift */ = {isa = PBXFileReference; lastKnownFileType = sourcecode.swift; path = NetworkManager.swift; sourceTree = "<group>"; };
		31C52E7329FAC7AB009F6859 /* MainScreenNewProductsCollectionViewCell.swift */ = {isa = PBXFileReference; lastKnownFileType = sourcecode.swift; path = MainScreenNewProductsCollectionViewCell.swift; sourceTree = "<group>"; };
		31C52E7529FAC816009F6859 /* MainScreenNewProductsCollectionViewCellViewModelProtocol.swift */ = {isa = PBXFileReference; lastKnownFileType = sourcecode.swift; path = MainScreenNewProductsCollectionViewCellViewModelProtocol.swift; sourceTree = "<group>"; };
		31C52E7729FAC82B009F6859 /* MainScreenNewProductsCollectionViewCellViewModel.swift */ = {isa = PBXFileReference; lastKnownFileType = sourcecode.swift; path = MainScreenNewProductsCollectionViewCellViewModel.swift; sourceTree = "<group>"; };
		31C52E7929FACF1E009F6859 /* MainScreenViewController.swift */ = {isa = PBXFileReference; lastKnownFileType = sourcecode.swift; path = MainScreenViewController.swift; sourceTree = "<group>"; };
		31C52E7D29FAF075009F6859 /* ImageManager.swift */ = {isa = PBXFileReference; lastKnownFileType = sourcecode.swift; path = ImageManager.swift; sourceTree = "<group>"; };
		31DAA58429BC6EBD00BCD245 /* TabBarController.swift */ = {isa = PBXFileReference; lastKnownFileType = sourcecode.swift; path = TabBarController.swift; sourceTree = "<group>"; };
		31DAA58929BC787600BCD245 /* CategoriesViewController.swift */ = {isa = PBXFileReference; lastKnownFileType = sourcecode.swift; path = CategoriesViewController.swift; sourceTree = "<group>"; };
		31DAA58B29BC795200BCD245 /* CategoriesVC+TableViewDelegate.swift */ = {isa = PBXFileReference; lastKnownFileType = sourcecode.swift; path = "CategoriesVC+TableViewDelegate.swift"; sourceTree = "<group>"; };
		31DAA58E29BC79B300BCD245 /* CategoriesTableViewCell.swift */ = {isa = PBXFileReference; lastKnownFileType = sourcecode.swift; path = CategoriesTableViewCell.swift; sourceTree = "<group>"; };
		31DAA59029BC7A9D00BCD245 /* CategoriesVC+SearchControllerDelegate.swift */ = {isa = PBXFileReference; lastKnownFileType = sourcecode.swift; path = "CategoriesVC+SearchControllerDelegate.swift"; sourceTree = "<group>"; };
		31DAA59329BC82CB00BCD245 /* CartViewController.swift */ = {isa = PBXFileReference; lastKnownFileType = sourcecode.swift; path = CartViewController.swift; sourceTree = "<group>"; };
		31DAA59629BC837300BCD245 /* FavouritesViewController.swift */ = {isa = PBXFileReference; lastKnownFileType = sourcecode.swift; path = FavouritesViewController.swift; sourceTree = "<group>"; };
		31DAA59929BC840200BCD245 /* UserProfileViewController.swift */ = {isa = PBXFileReference; lastKnownFileType = sourcecode.swift; path = UserProfileViewController.swift; sourceTree = "<group>"; };
		31DAA59B29BF113600BCD245 /* SearchManager.swift */ = {isa = PBXFileReference; lastKnownFileType = sourcecode.swift; path = SearchManager.swift; sourceTree = "<group>"; };
		31DAA59D29BF1B8900BCD245 /* ru */ = {isa = PBXFileReference; lastKnownFileType = text.plist.strings; name = ru; path = ru.lproj/LaunchScreen.strings; sourceTree = "<group>"; };
		31E3172429DD7DFE00F7BF57 /* CategoriesModel.swift */ = {isa = PBXFileReference; lastKnownFileType = sourcecode.swift; path = CategoriesModel.swift; sourceTree = "<group>"; };
		31E3172629DD7E0800F7BF57 /* CategoriesManager.swift */ = {isa = PBXFileReference; lastKnownFileType = sourcecode.swift; path = CategoriesManager.swift; sourceTree = "<group>"; };
		31FDE44F2994E99500397DED /* MainVC+SearchBar+UpdateSearchResults.swift */ = {isa = PBXFileReference; lastKnownFileType = sourcecode.swift; path = "MainVC+SearchBar+UpdateSearchResults.swift"; sourceTree = "<group>"; };
		31FDE4512994E9F200397DED /* MainVC+CollectionViews.swift */ = {isa = PBXFileReference; lastKnownFileType = sourcecode.swift; path = "MainVC+CollectionViews.swift"; sourceTree = "<group>"; };
		31FDE4532994EA4D00397DED /* MainVC+TableViews.swift */ = {isa = PBXFileReference; lastKnownFileType = sourcecode.swift; path = "MainVC+TableViews.swift"; sourceTree = "<group>"; };
		31FDE4552994EBF100397DED /* MainVC+CustomNavigationView.swift */ = {isa = PBXFileReference; lastKnownFileType = sourcecode.swift; path = "MainVC+CustomNavigationView.swift"; sourceTree = "<group>"; };
		31FDE4572995055F00397DED /* UIViewExtensions.swift */ = {isa = PBXFileReference; lastKnownFileType = sourcecode.swift; path = UIViewExtensions.swift; sourceTree = "<group>"; };
		31FDE45A2995313800397DED /* ProductCardVC+CollectionViews.swift */ = {isa = PBXFileReference; lastKnownFileType = sourcecode.swift; path = "ProductCardVC+CollectionViews.swift"; sourceTree = "<group>"; };
		31FDE45C2995315300397DED /* ProductCardVC+TableViews.swift */ = {isa = PBXFileReference; lastKnownFileType = sourcecode.swift; path = "ProductCardVC+TableViews.swift"; sourceTree = "<group>"; };
		31FDE45E299532B700397DED /* ProductCardVC+CustomNavigationView.swift */ = {isa = PBXFileReference; lastKnownFileType = sourcecode.swift; path = "ProductCardVC+CustomNavigationView.swift"; sourceTree = "<group>"; };
		31FDE460299537B600397DED /* ProductCardVC+ScrollViewDelegate.swift */ = {isa = PBXFileReference; lastKnownFileType = sourcecode.swift; path = "ProductCardVC+ScrollViewDelegate.swift"; sourceTree = "<group>"; };
		31FDE46529953ABC00397DED /* InformationAboutUsData.swift */ = {isa = PBXFileReference; lastKnownFileType = sourcecode.swift; path = InformationAboutUsData.swift; sourceTree = "<group>"; };
		31FDE46929953B4200397DED /* PreviewData.swift */ = {isa = PBXFileReference; lastKnownFileType = sourcecode.swift; path = PreviewData.swift; sourceTree = "<group>"; };
		31FDE46D2997890C00397DED /* ProductsListViewController.swift */ = {isa = PBXFileReference; lastKnownFileType = sourcecode.swift; path = ProductsListViewController.swift; sourceTree = "<group>"; };
		31FDE46F299A8C4800397DED /* ProductCardVC+TextFieldDelegate.swift */ = {isa = PBXFileReference; lastKnownFileType = sourcecode.swift; path = "ProductCardVC+TextFieldDelegate.swift"; sourceTree = "<group>"; };
		31FDE472299B76E700397DED /* ReviewsModel.swift */ = {isa = PBXFileReference; lastKnownFileType = sourcecode.swift; path = ReviewsModel.swift; sourceTree = "<group>"; };
		31FDE474299B76FA00397DED /* ReviewsManager.swift */ = {isa = PBXFileReference; lastKnownFileType = sourcecode.swift; path = ReviewsManager.swift; sourceTree = "<group>"; };
		31FDE477299D3C4200397DED /* RelatedManager.swift */ = {isa = PBXFileReference; lastKnownFileType = sourcecode.swift; path = RelatedManager.swift; sourceTree = "<group>"; };
		31FDE479299D706A00397DED /* RelatedCollectionViewCell.swift */ = {isa = PBXFileReference; lastKnownFileType = sourcecode.swift; path = RelatedCollectionViewCell.swift; sourceTree = "<group>"; };
		39D0CB24D2B67817F1B430E9 /* Pods-cerenadaApp.release.xcconfig */ = {isa = PBXFileReference; includeInIndex = 1; lastKnownFileType = text.xcconfig; name = "Pods-cerenadaApp.release.xcconfig"; path = "Target Support Files/Pods-cerenadaApp/Pods-cerenadaApp.release.xcconfig"; sourceTree = "<group>"; };
		75757C73A7D74269DDC194DB /* Pods_cerenadaApp.framework */ = {isa = PBXFileReference; explicitFileType = wrapper.framework; includeInIndex = 0; path = Pods_cerenadaApp.framework; sourceTree = BUILT_PRODUCTS_DIR; };
/* End PBXFileReference section */

/* Begin PBXFrameworksBuildPhase section */
		31ACD43227FE170500DAD756 /* Frameworks */ = {
			isa = PBXFrameworksBuildPhase;
			buildActionMask = 2147483647;
			files = (
				F6D850EDFA69236E520232BF /* Pods_cerenadaApp.framework in Frameworks */,
			);
			runOnlyForDeploymentPostprocessing = 0;
		};
/* End PBXFrameworksBuildPhase section */

/* Begin PBXGroup section */
		314B7FF329374FD1004CA151 /* ProductCardViewController */ = {
			isa = PBXGroup;
			children = (
				314B7FF429374FFA004CA151 /* ProductCardViewController.swift */,
				31FDE45E299532B700397DED /* ProductCardVC+CustomNavigationView.swift */,
				31FDE45A2995313800397DED /* ProductCardVC+CollectionViews.swift */,
				31FDE45C2995315300397DED /* ProductCardVC+TableViews.swift */,
				31FDE460299537B600397DED /* ProductCardVC+ScrollViewDelegate.swift */,
				31FDE46F299A8C4800397DED /* ProductCardVC+TextFieldDelegate.swift */,
				314B7FFF293CCE2F004CA151 /* Cells */,
			);
			path = ProductCardViewController;
			sourceTree = "<group>";
		};
		314B7FF6293936BD004CA151 /* Model */ = {
			isa = PBXGroup;
			children = (
				31FDE46829953B3400397DED /* PreviewData */,
				314B7FF7293936DC004CA151 /* ProductData */,
				31E3172329DD7DBD00F7BF57 /* CategoriesData */,
				31FDE46729953B1000397DED /* PartersData */,
				31FDE471299B76BA00397DED /* ReviewsData */,
				31FDE476299D3C1300397DED /* RelatedData */,
				31FDE46429953A8A00397DED /* InformationAboutUsData */,
				319F668329A260B9007100C0 /* Constants.swift */,
			);
			path = Model;
			sourceTree = "<group>";
		};
		314B7FF7293936DC004CA151 /* ProductData */ = {
			isa = PBXGroup;
			children = (
				3168206F2907CC8000E28F62 /* ProductCardModel.swift */,
				314B7FFB2939392C004CA151 /* ProductCardManager.swift */,
				316820712907CCC000E28F62 /* NewProductManager.swift */,
				31DAA59B29BF113600BCD245 /* SearchManager.swift */,
			);
			path = ProductData;
			sourceTree = "<group>";
		};
		314B7FFF293CCE2F004CA151 /* Cells */ = {
			isa = PBXGroup;
			children = (
				314B7FFD293CCCFC004CA151 /* GalleryCollectionViewCell.swift */,
				317261B82948B4E700B73E41 /* AddToCartTableViewCell.swift */,
				312DB30F294DBECE003A8043 /* ReviewsCollectionViewCell.swift */,
				31FDE479299D706A00397DED /* RelatedCollectionViewCell.swift */,
			);
			path = Cells;
			sourceTree = "<group>";
		};
		318D848F29FD326800E0455E /* InformatiomView */ = {
			isa = PBXGroup;
			children = (
				318D849029FD328F00E0455E /* InformationView.swift */,
				318D849229FD32B100E0455E /* InformationViewModel.swift */,
				318D849429FD32CF00E0455E /* InformationViewModelProtocol.swift */,
				318D849829FD7EBA00E0455E /* InformationTableViewCell */,
				318D84B52A02A31800E0455E /* ContainerTableViewCell */,
				318D84A92A0160C600E0455E /* ContactTableViewCell */,
			);
			path = InformatiomView;
			sourceTree = "<group>";
		};
		318D849829FD7EBA00E0455E /* InformationTableViewCell */ = {
			isa = PBXGroup;
			children = (
				318D849A29FE4E5600E0455E /* InformationTableViewCell.swift */,
				318D849C29FE4E6A00E0455E /* InformationTableViewCellViewModel.swift */,
				318D849E29FE4E7400E0455E /* InformationTableViewCellViewModelProtocol.swift */,
			);
			path = InformationTableViewCell;
			sourceTree = "<group>";
		};
		318D84A42A0002B600E0455E /* Data */ = {
			isa = PBXGroup;
			children = (
				318D849629FD3C8D00E0455E /* BlurInformationView.swift */,
				318D84A52A0002D100E0455E /* InformationData.swift */,
				318D84A72A0002D800E0455E /* SizeData.swift */,
				318D84C02A02B67A00E0455E /* ContactsData.swift */,
			);
			path = Data;
			sourceTree = "<group>";
		};
		318D84A92A0160C600E0455E /* ContactTableViewCell */ = {
			isa = PBXGroup;
			children = (
				318D84B82A02B4DE00E0455E /* ContactsTableViewCell.swift */,
				318D84BA2A02B50E00E0455E /* ContactsTableViewCellViewModel.swift */,
				318D84BC2A02B52E00E0455E /* ContactsTableViewCellViewModelProtocol.swift */,
			);
			path = ContactTableViewCell;
			sourceTree = "<group>";
		};
		318D84AA2A01624500E0455E /* SizeTableViewCell */ = {
			isa = PBXGroup;
			children = (
				318D84AF2A028E6600E0455E /* SizeTableViewCell.swift */,
				318D84B12A028EB100E0455E /* SizeTableViewCellViewModel.swift */,
				318D84B32A028ED200E0455E /* SizeTableViewCellViewModelProtocol.swift */,
			);
			path = SizeTableViewCell;
			sourceTree = "<group>";
		};
		318D84B52A02A31800E0455E /* ContainerTableViewCell */ = {
			isa = PBXGroup;
			children = (
				318D84B62A02A33D00E0455E /* ContainerTableViewCell.swift */,
				318D84AA2A01624500E0455E /* SizeTableViewCell */,
			);
			path = ContainerTableViewCell;
			sourceTree = "<group>";
		};
		319F668529A264CA007100C0 /* WriteReviewController */ = {
			isa = PBXGroup;
			children = (
				319F668629A264F9007100C0 /* WriteReviewViewController.swift */,
				319F668829A27624007100C0 /* WriteReviewController+CustomNavigationView.swift */,
				319F668A29A3BB13007100C0 /* WriteReviewVC+TextFieldDelegate.swift */,
			);
			path = WriteReviewController;
			sourceTree = "<group>";
		};
		319F668E29A40C97007100C0 /* Cells */ = {
			isa = PBXGroup;
			children = (
				319F668F29A40CBC007100C0 /* ProductCollectionViewCell.swift */,
				319F669529AE0005007100C0 /* CategoriesCollectionViewCell.swift */,
				319F669329A5280E007100C0 /* ProductsGalleryCollectionViewCell.swift */,
			);
			path = Cells;
			sourceTree = "<group>";
		};
		31ACD42C27FE170500DAD756 = {
			isa = PBXGroup;
			children = (
				31C52E6B29FAC396009F6859 /* MVC */,
				31ACD43727FE170500DAD756 /* cerenadaApp */,
				31ACD43627FE170500DAD756 /* Products */,
				5002F1A5CA36EB88CE4C8AFB /* Pods */,
				7A9A58FE4CEC9EE92B9178E9 /* Frameworks */,
			);
			sourceTree = "<group>";
		};
		31ACD43627FE170500DAD756 /* Products */ = {
			isa = PBXGroup;
			children = (
				31ACD43527FE170500DAD756 /* cerenadaApp.app */,
			);
			name = Products;
			sourceTree = "<group>";
		};
		31ACD43727FE170500DAD756 /* cerenadaApp */ = {
			isa = PBXGroup;
			children = (
				31C52E6629FABEE0009F6859 /* MainScreenViewController */,
				31C52E6C29FAC3A8009F6859 /* Models */,
				31C52E6F29FAC482009F6859 /* Services */,
				318D84A42A0002B600E0455E /* Data */,
				31C52E6529FABE81009F6859 /* Support */,
			);
			path = cerenadaApp;
			sourceTree = "<group>";
		};
		31B710EF290D49C300E6CA04 /* MainViewController */ = {
			isa = PBXGroup;
			children = (
				31ACD44C27FE183B00DAD756 /* MainViewController.swift */,
				31FDE4552994EBF100397DED /* MainVC+CustomNavigationView.swift */,
				31FDE44F2994E99500397DED /* MainVC+SearchBar+UpdateSearchResults.swift */,
				31FDE4512994E9F200397DED /* MainVC+CollectionViews.swift */,
				31FDE4532994EA4D00397DED /* MainVC+TableViews.swift */,
				31B710F7290FD1A600E6CA04 /* Cells */,
			);
			path = MainViewController;
			sourceTree = "<group>";
		};
		31B710F0290D49CE00E6CA04 /* Controllers */ = {
			isa = PBXGroup;
			children = (
				31DAA58329BC6E9400BCD245 /* TabBarController */,
				31B710EF290D49C300E6CA04 /* MainViewController */,
				31DAA58629BC781B00BCD245 /* CategoriesViewController */,
				31DAA59229BC829A00BCD245 /* CartViewController */,
				31DAA59529BC836000BCD245 /* FavouritesViewController */,
				31DAA59829BC83EB00BCD245 /* UserProfileViewController */,
				314B7FF329374FD1004CA151 /* ProductCardViewController */,
				319F668529A264CA007100C0 /* WriteReviewController */,
				31FDE4592995300000397DED /* InformationAboutUsViewController */,
				31FDE46C299788C400397DED /* ProductsListViewController */,
				31FDE46B29953BB000397DED /* ClassesExtensions */,
			);
			path = Controllers;
			sourceTree = "<group>";
		};
		31B710F7290FD1A600E6CA04 /* Cells */ = {
			isa = PBXGroup;
			children = (
				31B710ED290D495C00E6CA04 /* PresentationCollectionViewCell.swift */,
				31B710F1290E863A00E6CA04 /* NewProductsCollectionViewCell.swift */,
				319F668129A25406007100C0 /* NextButtonCollectionViewCell.swift */,
				31B710F3290FCC0E00E6CA04 /* PartnersCollectionViewCell.swift */,
				31B710FA290FF7E700E6CA04 /* InfoTableViewCell.swift */,
				310F9670298460A600B5F5B8 /* SizeContainerTableViewCell.swift */,
				310F966E2984410200B5F5B8 /* SizeListTableViewCell.swift */,
				310F967229850C0300B5F5B8 /* ContactTableViewCell.swift */,
			);
			path = Cells;
			sourceTree = "<group>";
		};
		31C52E6529FABE81009F6859 /* Support */ = {
			isa = PBXGroup;
			children = (
				31ACD43827FE170500DAD756 /* AppDelegate.swift */,
				31ACD44127FE170600DAD756 /* Assets.xcassets */,
				31ACD44627FE170600DAD756 /* Info.plist */,
				31ACD44327FE170600DAD756 /* LaunchScreen.storyboard */,
			);
			path = Support;
			sourceTree = "<group>";
		};
		31C52E6629FABEE0009F6859 /* MainScreenViewController */ = {
			isa = PBXGroup;
			children = (
				31C52E7929FACF1E009F6859 /* MainScreenViewController.swift */,
				31C52E6929FABF4C009F6859 /* MainScreenViewModel.swift */,
				31C52E6729FABF21009F6859 /* MainScreenViewModelProtocol.swift */,
				31C52E7229FAC77D009F6859 /* MainScreenNewProductsCollectionViewCell */,
				318D848F29FD326800E0455E /* InformatiomView */,
			);
			path = MainScreenViewController;
			sourceTree = "<group>";
		};
		31C52E6B29FAC396009F6859 /* MVC */ = {
			isa = PBXGroup;
			children = (
				314B7FF6293936BD004CA151 /* Model */,
				31B710F0290D49CE00E6CA04 /* Controllers */,
			);
			path = MVC;
			sourceTree = "<group>";
		};
		31C52E6C29FAC3A8009F6859 /* Models */ = {
			isa = PBXGroup;
			children = (
				31C52E6D29FAC3C7009F6859 /* Product.swift */,
				318D84A02A0001CA00E0455E /* Information.swift */,
				318D84A22A00020500E0455E /* Size.swift */,
				318D84BE2A02B64400E0455E /* Contacts.swift */,
			);
			path = Models;
			sourceTree = "<group>";
		};
		31C52E6F29FAC482009F6859 /* Services */ = {
			isa = PBXGroup;
			children = (
				318D84AD2A0248D000E0455E /* Box.swift */,
				31C52E7029FAC4A1009F6859 /* NetworkManager.swift */,
				31C52E7D29FAF075009F6859 /* ImageManager.swift */,
				318D848929FCF46700E0455E /* AnimationManager.swift */,
				318D848B29FCF4A400E0455E /* ShadowManager.swift */,
				318D848D29FCFA5A00E0455E /* SafeAreaManager.swift */,
				318D84C22A02D3EB00E0455E /* EmailManager.swift */,
			);
			path = Services;
			sourceTree = "<group>";
		};
		31C52E7229FAC77D009F6859 /* MainScreenNewProductsCollectionViewCell */ = {
			isa = PBXGroup;
			children = (
				31C52E7329FAC7AB009F6859 /* MainScreenNewProductsCollectionViewCell.swift */,
				31C52E7729FAC82B009F6859 /* MainScreenNewProductsCollectionViewCellViewModel.swift */,
				31C52E7529FAC816009F6859 /* MainScreenNewProductsCollectionViewCellViewModelProtocol.swift */,
			);
			path = MainScreenNewProductsCollectionViewCell;
			sourceTree = "<group>";
		};
		31DAA58329BC6E9400BCD245 /* TabBarController */ = {
			isa = PBXGroup;
			children = (
				31DAA58429BC6EBD00BCD245 /* TabBarController.swift */,
			);
			path = TabBarController;
			sourceTree = "<group>";
		};
		31DAA58629BC781B00BCD245 /* CategoriesViewController */ = {
			isa = PBXGroup;
			children = (
				31DAA58929BC787600BCD245 /* CategoriesViewController.swift */,
				31DAA58B29BC795200BCD245 /* CategoriesVC+TableViewDelegate.swift */,
				31DAA59029BC7A9D00BCD245 /* CategoriesVC+SearchControllerDelegate.swift */,
				31DAA58D29BC799700BCD245 /* Cells */,
			);
			path = CategoriesViewController;
			sourceTree = "<group>";
		};
		31DAA58D29BC799700BCD245 /* Cells */ = {
			isa = PBXGroup;
			children = (
				31DAA58E29BC79B300BCD245 /* CategoriesTableViewCell.swift */,
			);
			path = Cells;
			sourceTree = "<group>";
		};
		31DAA59229BC829A00BCD245 /* CartViewController */ = {
			isa = PBXGroup;
			children = (
				31DAA59329BC82CB00BCD245 /* CartViewController.swift */,
			);
			path = CartViewController;
			sourceTree = "<group>";
		};
		31DAA59529BC836000BCD245 /* FavouritesViewController */ = {
			isa = PBXGroup;
			children = (
				31DAA59629BC837300BCD245 /* FavouritesViewController.swift */,
			);
			path = FavouritesViewController;
			sourceTree = "<group>";
		};
		31DAA59829BC83EB00BCD245 /* UserProfileViewController */ = {
			isa = PBXGroup;
			children = (
				31DAA59929BC840200BCD245 /* UserProfileViewController.swift */,
			);
			path = UserProfileViewController;
			sourceTree = "<group>";
		};
		31E3172329DD7DBD00F7BF57 /* CategoriesData */ = {
			isa = PBXGroup;
			children = (
				31E3172429DD7DFE00F7BF57 /* CategoriesModel.swift */,
				31E3172629DD7E0800F7BF57 /* CategoriesManager.swift */,
			);
			path = CategoriesData;
			sourceTree = "<group>";
		};
		31FDE4592995300000397DED /* InformationAboutUsViewController */ = {
			isa = PBXGroup;
			children = (
				31958343292D0F9D000CB4DD /* InformationAbousUsViewController.swift */,
			);
			path = InformationAboutUsViewController;
			sourceTree = "<group>";
		};
		31FDE46429953A8A00397DED /* InformationAboutUsData */ = {
			isa = PBXGroup;
			children = (
				310F966C297C6B7200B5F5B8 /* InformationAboutUsModel.swift */,
				31FDE46529953ABC00397DED /* InformationAboutUsData.swift */,
			);
			path = InformationAboutUsData;
			sourceTree = "<group>";
		};
		31FDE46729953B1000397DED /* PartersData */ = {
			isa = PBXGroup;
			children = (
				31B710F5290FD0C500E6CA04 /* PartnersData.swift */,
			);
			path = PartersData;
			sourceTree = "<group>";
		};
		31FDE46829953B3400397DED /* PreviewData */ = {
			isa = PBXGroup;
			children = (
				31FDE46929953B4200397DED /* PreviewData.swift */,
			);
			path = PreviewData;
			sourceTree = "<group>";
		};
		31FDE46B29953BB000397DED /* ClassesExtensions */ = {
			isa = PBXGroup;
			children = (
				31FDE4572995055F00397DED /* UIViewExtensions.swift */,
			);
			path = ClassesExtensions;
			sourceTree = "<group>";
		};
		31FDE46C299788C400397DED /* ProductsListViewController */ = {
			isa = PBXGroup;
			children = (
				31FDE46D2997890C00397DED /* ProductsListViewController.swift */,
				31261E2329B9F3D20072CC86 /* ProductLIstVC+SearchBarDelegate.swift */,
				319F668C29A4084B007100C0 /* ProductsListVC+CustomNavigationController.swift */,
				319F669129A40D2C007100C0 /* ProductsListVC+CollectionViewDlegate.swift */,
				319F669729AE1536007100C0 /* ProductListVC+ScrollViewDelegate.swift */,
				319F668E29A40C97007100C0 /* Cells */,
			);
			path = ProductsListViewController;
			sourceTree = "<group>";
		};
		31FDE471299B76BA00397DED /* ReviewsData */ = {
			isa = PBXGroup;
			children = (
				31FDE472299B76E700397DED /* ReviewsModel.swift */,
				31FDE474299B76FA00397DED /* ReviewsManager.swift */,
			);
			path = ReviewsData;
			sourceTree = "<group>";
		};
		31FDE476299D3C1300397DED /* RelatedData */ = {
			isa = PBXGroup;
			children = (
				31FDE477299D3C4200397DED /* RelatedManager.swift */,
			);
			path = RelatedData;
			sourceTree = "<group>";
		};
		5002F1A5CA36EB88CE4C8AFB /* Pods */ = {
			isa = PBXGroup;
			children = (
				29E716721A9A3BE6F3DAEDF0 /* Pods-cerenadaApp.debug.xcconfig */,
				39D0CB24D2B67817F1B430E9 /* Pods-cerenadaApp.release.xcconfig */,
			);
			path = Pods;
			sourceTree = "<group>";
		};
		7A9A58FE4CEC9EE92B9178E9 /* Frameworks */ = {
			isa = PBXGroup;
			children = (
				75757C73A7D74269DDC194DB /* Pods_cerenadaApp.framework */,
			);
			name = Frameworks;
			sourceTree = "<group>";
		};
/* End PBXGroup section */

/* Begin PBXNativeTarget section */
		31ACD43427FE170500DAD756 /* cerenadaApp */ = {
			isa = PBXNativeTarget;
			buildConfigurationList = 31ACD44927FE170600DAD756 /* Build configuration list for PBXNativeTarget "cerenadaApp" */;
			buildPhases = (
				003073ACCFAC9DCF59179C52 /* [CP] Check Pods Manifest.lock */,
				31ACD43127FE170500DAD756 /* Sources */,
				31ACD43227FE170500DAD756 /* Frameworks */,
				31ACD43327FE170500DAD756 /* Resources */,
				EE1F1D41BE2099BDE81E629D /* [CP] Embed Pods Frameworks */,
			);
			buildRules = (
			);
			dependencies = (
			);
			name = cerenadaApp;
			productName = cerenadaApp;
			productReference = 31ACD43527FE170500DAD756 /* cerenadaApp.app */;
			productType = "com.apple.product-type.application";
		};
/* End PBXNativeTarget section */

/* Begin PBXProject section */
		31ACD42D27FE170500DAD756 /* Project object */ = {
			isa = PBXProject;
			attributes = {
				BuildIndependentTargetsInParallel = 1;
				LastSwiftUpdateCheck = 1320;
				LastUpgradeCheck = 1320;
				TargetAttributes = {
					31ACD43427FE170500DAD756 = {
						CreatedOnToolsVersion = 13.2;
					};
				};
			};
			buildConfigurationList = 31ACD43027FE170500DAD756 /* Build configuration list for PBXProject "cerenadaApp" */;
			compatibilityVersion = "Xcode 13.0";
			developmentRegion = en;
			hasScannedForEncodings = 0;
			knownRegions = (
				en,
				Base,
				ru,
			);
			mainGroup = 31ACD42C27FE170500DAD756;
			productRefGroup = 31ACD43627FE170500DAD756 /* Products */;
			projectDirPath = "";
			projectRoot = "";
			targets = (
				31ACD43427FE170500DAD756 /* cerenadaApp */,
			);
		};
/* End PBXProject section */

/* Begin PBXResourcesBuildPhase section */
		31ACD43327FE170500DAD756 /* Resources */ = {
			isa = PBXResourcesBuildPhase;
			buildActionMask = 2147483647;
			files = (
				31ACD44527FE170600DAD756 /* LaunchScreen.storyboard in Resources */,
				31ACD44227FE170600DAD756 /* Assets.xcassets in Resources */,
			);
			runOnlyForDeploymentPostprocessing = 0;
		};
/* End PBXResourcesBuildPhase section */

/* Begin PBXShellScriptBuildPhase section */
		003073ACCFAC9DCF59179C52 /* [CP] Check Pods Manifest.lock */ = {
			isa = PBXShellScriptBuildPhase;
			buildActionMask = 2147483647;
			files = (
			);
			inputFileListPaths = (
			);
			inputPaths = (
				"${PODS_PODFILE_DIR_PATH}/Podfile.lock",
				"${PODS_ROOT}/Manifest.lock",
			);
			name = "[CP] Check Pods Manifest.lock";
			outputFileListPaths = (
			);
			outputPaths = (
				"$(DERIVED_FILE_DIR)/Pods-cerenadaApp-checkManifestLockResult.txt",
			);
			runOnlyForDeploymentPostprocessing = 0;
			shellPath = /bin/sh;
			shellScript = "diff \"${PODS_PODFILE_DIR_PATH}/Podfile.lock\" \"${PODS_ROOT}/Manifest.lock\" > /dev/null\nif [ $? != 0 ] ; then\n    # print error to STDERR\n    echo \"error: The sandbox is not in sync with the Podfile.lock. Run 'pod install' or update your CocoaPods installation.\" >&2\n    exit 1\nfi\n# This output is used by Xcode 'outputs' to avoid re-running this script phase.\necho \"SUCCESS\" > \"${SCRIPT_OUTPUT_FILE_0}\"\n";
			showEnvVarsInLog = 0;
		};
		EE1F1D41BE2099BDE81E629D /* [CP] Embed Pods Frameworks */ = {
			isa = PBXShellScriptBuildPhase;
			buildActionMask = 2147483647;
			files = (
			);
			inputFileListPaths = (
				"${PODS_ROOT}/Target Support Files/Pods-cerenadaApp/Pods-cerenadaApp-frameworks-${CONFIGURATION}-input-files.xcfilelist",
			);
			name = "[CP] Embed Pods Frameworks";
			outputFileListPaths = (
				"${PODS_ROOT}/Target Support Files/Pods-cerenadaApp/Pods-cerenadaApp-frameworks-${CONFIGURATION}-output-files.xcfilelist",
			);
			runOnlyForDeploymentPostprocessing = 0;
			shellPath = /bin/sh;
			shellScript = "\"${PODS_ROOT}/Target Support Files/Pods-cerenadaApp/Pods-cerenadaApp-frameworks.sh\"\n";
			showEnvVarsInLog = 0;
		};
/* End PBXShellScriptBuildPhase section */

/* Begin PBXSourcesBuildPhase section */
		31ACD43127FE170500DAD756 /* Sources */ = {
			isa = PBXSourcesBuildPhase;
			buildActionMask = 2147483647;
			files = (
				318D84B92A02B4DE00E0455E /* ContactsTableViewCell.swift in Sources */,
				317261B92948B4E700B73E41 /* AddToCartTableViewCell.swift in Sources */,
				314B7FF529374FFA004CA151 /* ProductCardViewController.swift in Sources */,
				314B7FFE293CCCFC004CA151 /* GalleryCollectionViewCell.swift in Sources */,
				318D848A29FCF46700E0455E /* AnimationManager.swift in Sources */,
				31C52E7829FAC82B009F6859 /* MainScreenNewProductsCollectionViewCellViewModel.swift in Sources */,
				31DAA59729BC837300BCD245 /* FavouritesViewController.swift in Sources */,
				318D84A82A0002D800E0455E /* SizeData.swift in Sources */,
				31FDE470299A8C4800397DED /* ProductCardVC+TextFieldDelegate.swift in Sources */,
				318D848E29FCFA5A00E0455E /* SafeAreaManager.swift in Sources */,
				319F669629AE0005007100C0 /* CategoriesCollectionViewCell.swift in Sources */,
				310F966F2984410200B5F5B8 /* SizeListTableViewCell.swift in Sources */,
				31958344292D0F9D000CB4DD /* InformationAbousUsViewController.swift in Sources */,
				319F669029A40CBC007100C0 /* ProductCollectionViewCell.swift in Sources */,
				31DAA59A29BC840200BCD245 /* UserProfileViewController.swift in Sources */,
				31FDE45F299532B700397DED /* ProductCardVC+CustomNavigationView.swift in Sources */,
				310F967329850C0300B5F5B8 /* ContactTableViewCell.swift in Sources */,
				319F668429A260B9007100C0 /* Constants.swift in Sources */,
				318D84A32A00020500E0455E /* Size.swift in Sources */,
				31FDE46E2997890C00397DED /* ProductsListViewController.swift in Sources */,
				31ACD43927FE170500DAD756 /* AppDelegate.swift in Sources */,
				318D848C29FCF4A400E0455E /* ShadowManager.swift in Sources */,
				31FDE4502994E99500397DED /* MainVC+SearchBar+UpdateSearchResults.swift in Sources */,
				319F668229A25406007100C0 /* NextButtonCollectionViewCell.swift in Sources */,
				318D84A62A0002D100E0455E /* InformationData.swift in Sources */,
				31E3172729DD7E0800F7BF57 /* CategoriesManager.swift in Sources */,
				31DAA58C29BC795200BCD245 /* CategoriesVC+TableViewDelegate.swift in Sources */,
				31DAA59C29BF113600BCD245 /* SearchManager.swift in Sources */,
				319F669229A40D2C007100C0 /* ProductsListVC+CollectionViewDlegate.swift in Sources */,
				319F668D29A4084B007100C0 /* ProductsListVC+CustomNavigationController.swift in Sources */,
				319F669429A5280E007100C0 /* ProductsGalleryCollectionViewCell.swift in Sources */,
				31C52E7629FAC816009F6859 /* MainScreenNewProductsCollectionViewCellViewModelProtocol.swift in Sources */,
				31FDE461299537B600397DED /* ProductCardVC+ScrollViewDelegate.swift in Sources */,
				318D84B02A028E6600E0455E /* SizeTableViewCell.swift in Sources */,
				318D84BF2A02B64400E0455E /* Contacts.swift in Sources */,
				319F668B29A3BB13007100C0 /* WriteReviewVC+TextFieldDelegate.swift in Sources */,
				319F668729A264F9007100C0 /* WriteReviewViewController.swift in Sources */,
				314B7FFC2939392C004CA151 /* ProductCardManager.swift in Sources */,
				31FDE4542994EA4D00397DED /* MainVC+TableViews.swift in Sources */,
				31E3172529DD7DFE00F7BF57 /* CategoriesModel.swift in Sources */,
				31FDE4582995055F00397DED /* UIViewExtensions.swift in Sources */,
				310F966D297C6B7200B5F5B8 /* InformationAboutUsModel.swift in Sources */,
				318D84C12A02B67A00E0455E /* ContactsData.swift in Sources */,
				318D84C32A02D3EB00E0455E /* EmailManager.swift in Sources */,
				31B710FB290FF7E700E6CA04 /* InfoTableViewCell.swift in Sources */,
				318D849D29FE4E6A00E0455E /* InformationTableViewCellViewModel.swift in Sources */,
				31C52E6829FABF21009F6859 /* MainScreenViewModelProtocol.swift in Sources */,
				31C52E7E29FAF075009F6859 /* ImageManager.swift in Sources */,
				31B710EE290D495C00E6CA04 /* PresentationCollectionViewCell.swift in Sources */,
				31FDE4562994EBF100397DED /* MainVC+CustomNavigationView.swift in Sources */,
				31FDE46629953ABC00397DED /* InformationAboutUsData.swift in Sources */,
				31C52E6A29FABF4C009F6859 /* MainScreenViewModel.swift in Sources */,
				31DAA59129BC7A9D00BCD245 /* CategoriesVC+SearchControllerDelegate.swift in Sources */,
				318D84AE2A0248D000E0455E /* Box.swift in Sources */,
				316820722907CCC000E28F62 /* NewProductManager.swift in Sources */,
				31FDE45B2995313800397DED /* ProductCardVC+CollectionViews.swift in Sources */,
				318D849B29FE4E5600E0455E /* InformationTableViewCell.swift in Sources */,
				318D84B42A028ED200E0455E /* SizeTableViewCellViewModelProtocol.swift in Sources */,
				31FDE46A29953B4200397DED /* PreviewData.swift in Sources */,
				31FDE475299B76FA00397DED /* ReviewsManager.swift in Sources */,
				31B710F2290E863A00E6CA04 /* NewProductsCollectionViewCell.swift in Sources */,
				31DAA58A29BC787600BCD245 /* CategoriesViewController.swift in Sources */,
				31C52E7A29FACF1E009F6859 /* MainScreenViewController.swift in Sources */,
				318D849529FD32CF00E0455E /* InformationViewModelProtocol.swift in Sources */,
				31FDE45D2995315300397DED /* ProductCardVC+TableViews.swift in Sources */,
				31C52E7129FAC4A1009F6859 /* NetworkManager.swift in Sources */,
				31DAA58F29BC79B300BCD245 /* CategoriesTableViewCell.swift in Sources */,
				318D849729FD3C8D00E0455E /* BlurInformationView.swift in Sources */,
				319F668929A27624007100C0 /* WriteReviewController+CustomNavigationView.swift in Sources */,
				31B710F4290FCC0E00E6CA04 /* PartnersCollectionViewCell.swift in Sources */,
				31FDE4522994E9F200397DED /* MainVC+CollectionViews.swift in Sources */,
				318D84B72A02A33D00E0455E /* ContainerTableViewCell.swift in Sources */,
				31C52E6E29FAC3C7009F6859 /* Product.swift in Sources */,
				316820702907CC8000E28F62 /* ProductCardModel.swift in Sources */,
				31261E2429B9F3D20072CC86 /* ProductLIstVC+SearchBarDelegate.swift in Sources */,
				31FDE473299B76E700397DED /* ReviewsModel.swift in Sources */,
				310F9671298460A600B5F5B8 /* SizeContainerTableViewCell.swift in Sources */,
				31DAA58529BC6EBD00BCD245 /* TabBarController.swift in Sources */,
				318D849329FD32B100E0455E /* InformationViewModel.swift in Sources */,
				318D84A12A0001CA00E0455E /* Information.swift in Sources */,
				318D84BD2A02B52E00E0455E /* ContactsTableViewCellViewModelProtocol.swift in Sources */,
				312DB310294DBECE003A8043 /* ReviewsCollectionViewCell.swift in Sources */,
				319F669829AE1536007100C0 /* ProductListVC+ScrollViewDelegate.swift in Sources */,
				31FDE478299D3C4200397DED /* RelatedManager.swift in Sources */,
				31C52E7429FAC7AB009F6859 /* MainScreenNewProductsCollectionViewCell.swift in Sources */,
				31B710F6290FD0C500E6CA04 /* PartnersData.swift in Sources */,
				318D84B22A028EB100E0455E /* SizeTableViewCellViewModel.swift in Sources */,
				31FDE47A299D706A00397DED /* RelatedCollectionViewCell.swift in Sources */,
				31DAA59429BC82CB00BCD245 /* CartViewController.swift in Sources */,
				31ACD44D27FE183B00DAD756 /* MainViewController.swift in Sources */,
				318D84BB2A02B50E00E0455E /* ContactsTableViewCellViewModel.swift in Sources */,
				318D849129FD328F00E0455E /* InformationView.swift in Sources */,
				318D849F29FE4E7400E0455E /* InformationTableViewCellViewModelProtocol.swift in Sources */,
			);
			runOnlyForDeploymentPostprocessing = 0;
		};
/* End PBXSourcesBuildPhase section */

/* Begin PBXVariantGroup section */
		31ACD44327FE170600DAD756 /* LaunchScreen.storyboard */ = {
			isa = PBXVariantGroup;
			children = (
				31ACD44427FE170600DAD756 /* Base */,
				31DAA59D29BF1B8900BCD245 /* ru */,
			);
			name = LaunchScreen.storyboard;
			sourceTree = "<group>";
		};
/* End PBXVariantGroup section */

/* Begin XCBuildConfiguration section */
		31ACD44727FE170600DAD756 /* Debug */ = {
			isa = XCBuildConfiguration;
			buildSettings = {
				ALWAYS_SEARCH_USER_PATHS = NO;
				CLANG_ANALYZER_LOCALIZABILITY_NONLOCALIZED = YES;
				CLANG_ANALYZER_NONNULL = YES;
				CLANG_ANALYZER_NUMBER_OBJECT_CONVERSION = YES_AGGRESSIVE;
				CLANG_CXX_LANGUAGE_STANDARD = "gnu++17";
				CLANG_CXX_LIBRARY = "libc++";
				CLANG_ENABLE_MODULES = YES;
				CLANG_ENABLE_OBJC_ARC = YES;
				CLANG_ENABLE_OBJC_WEAK = YES;
				CLANG_WARN_BLOCK_CAPTURE_AUTORELEASING = YES;
				CLANG_WARN_BOOL_CONVERSION = YES;
				CLANG_WARN_COMMA = YES;
				CLANG_WARN_CONSTANT_CONVERSION = YES;
				CLANG_WARN_DEPRECATED_OBJC_IMPLEMENTATIONS = YES;
				CLANG_WARN_DIRECT_OBJC_ISA_USAGE = YES_ERROR;
				CLANG_WARN_DOCUMENTATION_COMMENTS = YES;
				CLANG_WARN_EMPTY_BODY = YES;
				CLANG_WARN_ENUM_CONVERSION = YES;
				CLANG_WARN_INFINITE_RECURSION = YES;
				CLANG_WARN_INT_CONVERSION = YES;
				CLANG_WARN_NON_LITERAL_NULL_CONVERSION = YES;
				CLANG_WARN_OBJC_IMPLICIT_RETAIN_SELF = YES;
				CLANG_WARN_OBJC_LITERAL_CONVERSION = YES;
				CLANG_WARN_OBJC_ROOT_CLASS = YES_ERROR;
				CLANG_WARN_QUOTED_INCLUDE_IN_FRAMEWORK_HEADER = YES;
				CLANG_WARN_RANGE_LOOP_ANALYSIS = YES;
				CLANG_WARN_STRICT_PROTOTYPES = YES;
				CLANG_WARN_SUSPICIOUS_MOVE = YES;
				CLANG_WARN_UNGUARDED_AVAILABILITY = YES_AGGRESSIVE;
				CLANG_WARN_UNREACHABLE_CODE = YES;
				CLANG_WARN__DUPLICATE_METHOD_MATCH = YES;
				COPY_PHASE_STRIP = NO;
				DEBUG_INFORMATION_FORMAT = dwarf;
				ENABLE_STRICT_OBJC_MSGSEND = YES;
				ENABLE_TESTABILITY = YES;
				GCC_C_LANGUAGE_STANDARD = gnu11;
				GCC_DYNAMIC_NO_PIC = NO;
				GCC_NO_COMMON_BLOCKS = YES;
				GCC_OPTIMIZATION_LEVEL = 0;
				GCC_PREPROCESSOR_DEFINITIONS = (
					"DEBUG=1",
					"$(inherited)",
				);
				GCC_WARN_64_TO_32_BIT_CONVERSION = YES;
				GCC_WARN_ABOUT_RETURN_TYPE = YES_ERROR;
				GCC_WARN_UNDECLARED_SELECTOR = YES;
				GCC_WARN_UNINITIALIZED_AUTOS = YES_AGGRESSIVE;
				GCC_WARN_UNUSED_FUNCTION = YES;
				GCC_WARN_UNUSED_VARIABLE = YES;
				IPHONEOS_DEPLOYMENT_TARGET = 15.2;
				MTL_ENABLE_DEBUG_INFO = INCLUDE_SOURCE;
				MTL_FAST_MATH = YES;
				ONLY_ACTIVE_ARCH = YES;
				SDKROOT = iphoneos;
				SWIFT_ACTIVE_COMPILATION_CONDITIONS = DEBUG;
				SWIFT_OPTIMIZATION_LEVEL = "-Onone";
			};
			name = Debug;
		};
		31ACD44827FE170600DAD756 /* Release */ = {
			isa = XCBuildConfiguration;
			buildSettings = {
				ALWAYS_SEARCH_USER_PATHS = NO;
				CLANG_ANALYZER_LOCALIZABILITY_NONLOCALIZED = YES;
				CLANG_ANALYZER_NONNULL = YES;
				CLANG_ANALYZER_NUMBER_OBJECT_CONVERSION = YES_AGGRESSIVE;
				CLANG_CXX_LANGUAGE_STANDARD = "gnu++17";
				CLANG_CXX_LIBRARY = "libc++";
				CLANG_ENABLE_MODULES = YES;
				CLANG_ENABLE_OBJC_ARC = YES;
				CLANG_ENABLE_OBJC_WEAK = YES;
				CLANG_WARN_BLOCK_CAPTURE_AUTORELEASING = YES;
				CLANG_WARN_BOOL_CONVERSION = YES;
				CLANG_WARN_COMMA = YES;
				CLANG_WARN_CONSTANT_CONVERSION = YES;
				CLANG_WARN_DEPRECATED_OBJC_IMPLEMENTATIONS = YES;
				CLANG_WARN_DIRECT_OBJC_ISA_USAGE = YES_ERROR;
				CLANG_WARN_DOCUMENTATION_COMMENTS = YES;
				CLANG_WARN_EMPTY_BODY = YES;
				CLANG_WARN_ENUM_CONVERSION = YES;
				CLANG_WARN_INFINITE_RECURSION = YES;
				CLANG_WARN_INT_CONVERSION = YES;
				CLANG_WARN_NON_LITERAL_NULL_CONVERSION = YES;
				CLANG_WARN_OBJC_IMPLICIT_RETAIN_SELF = YES;
				CLANG_WARN_OBJC_LITERAL_CONVERSION = YES;
				CLANG_WARN_OBJC_ROOT_CLASS = YES_ERROR;
				CLANG_WARN_QUOTED_INCLUDE_IN_FRAMEWORK_HEADER = YES;
				CLANG_WARN_RANGE_LOOP_ANALYSIS = YES;
				CLANG_WARN_STRICT_PROTOTYPES = YES;
				CLANG_WARN_SUSPICIOUS_MOVE = YES;
				CLANG_WARN_UNGUARDED_AVAILABILITY = YES_AGGRESSIVE;
				CLANG_WARN_UNREACHABLE_CODE = YES;
				CLANG_WARN__DUPLICATE_METHOD_MATCH = YES;
				COPY_PHASE_STRIP = NO;
				DEBUG_INFORMATION_FORMAT = "dwarf-with-dsym";
				ENABLE_NS_ASSERTIONS = NO;
				ENABLE_STRICT_OBJC_MSGSEND = YES;
				GCC_C_LANGUAGE_STANDARD = gnu11;
				GCC_NO_COMMON_BLOCKS = YES;
				GCC_WARN_64_TO_32_BIT_CONVERSION = YES;
				GCC_WARN_ABOUT_RETURN_TYPE = YES_ERROR;
				GCC_WARN_UNDECLARED_SELECTOR = YES;
				GCC_WARN_UNINITIALIZED_AUTOS = YES_AGGRESSIVE;
				GCC_WARN_UNUSED_FUNCTION = YES;
				GCC_WARN_UNUSED_VARIABLE = YES;
				IPHONEOS_DEPLOYMENT_TARGET = 15.2;
				MTL_ENABLE_DEBUG_INFO = NO;
				MTL_FAST_MATH = YES;
				SDKROOT = iphoneos;
				SWIFT_COMPILATION_MODE = wholemodule;
				SWIFT_OPTIMIZATION_LEVEL = "-O";
				VALIDATE_PRODUCT = YES;
			};
			name = Release;
		};
		31ACD44A27FE170600DAD756 /* Debug */ = {
			isa = XCBuildConfiguration;
			baseConfigurationReference = 29E716721A9A3BE6F3DAEDF0 /* Pods-cerenadaApp.debug.xcconfig */;
			buildSettings = {
				ASSETCATALOG_COMPILER_APPICON_NAME = AppIcon;
				ASSETCATALOG_COMPILER_GLOBAL_ACCENT_COLOR_NAME = AccentColor;
				CODE_SIGN_STYLE = Automatic;
				CURRENT_PROJECT_VERSION = 1;
				DEVELOPMENT_TEAM = HZU66MWZY7;
				GENERATE_INFOPLIST_FILE = YES;
				INFOPLIST_FILE = /Users/himynameisartem/Documents/Development/myApp/CommercialApp/CerenadaApp/cerenadaApp/cerenadaApp/Support/Info.plist;
				INFOPLIST_KEY_UIApplicationSupportsIndirectInputEvents = YES;
				INFOPLIST_KEY_UILaunchStoryboardName = LaunchScreen;
				INFOPLIST_KEY_UISupportedInterfaceOrientations_iPad = UIInterfaceOrientationPortrait;
				INFOPLIST_KEY_UISupportedInterfaceOrientations_iPhone = UIInterfaceOrientationPortrait;
				INFOPLIST_KEY_UIUserInterfaceStyle = Light;
				IPHONEOS_DEPLOYMENT_TARGET = 13.6;
				LD_RUNPATH_SEARCH_PATHS = (
					"$(inherited)",
					"@executable_path/Frameworks",
				);
				MARKETING_VERSION = 1.0;
				PRODUCT_BUNDLE_IDENTIFIER = himynameisartem.cerenadaApp;
				PRODUCT_NAME = "$(TARGET_NAME)";
				SWIFT_COMPILATION_MODE = wholemodule;
				SWIFT_EMIT_LOC_STRINGS = YES;
				SWIFT_VERSION = 5.0;
				TARGETED_DEVICE_FAMILY = 1;
			};
			name = Debug;
		};
		31ACD44B27FE170600DAD756 /* Release */ = {
			isa = XCBuildConfiguration;
			baseConfigurationReference = 39D0CB24D2B67817F1B430E9 /* Pods-cerenadaApp.release.xcconfig */;
			buildSettings = {
				ASSETCATALOG_COMPILER_APPICON_NAME = AppIcon;
				ASSETCATALOG_COMPILER_GLOBAL_ACCENT_COLOR_NAME = AccentColor;
				CODE_SIGN_STYLE = Automatic;
				CURRENT_PROJECT_VERSION = 1;
				DEVELOPMENT_TEAM = HZU66MWZY7;
				GENERATE_INFOPLIST_FILE = YES;
				INFOPLIST_FILE = /Users/himynameisartem/Documents/Development/myApp/CommercialApp/CerenadaApp/cerenadaApp/cerenadaApp/Support/Info.plist;
				INFOPLIST_KEY_UIApplicationSupportsIndirectInputEvents = YES;
				INFOPLIST_KEY_UILaunchStoryboardName = LaunchScreen;
				INFOPLIST_KEY_UISupportedInterfaceOrientations_iPad = UIInterfaceOrientationPortrait;
				INFOPLIST_KEY_UISupportedInterfaceOrientations_iPhone = UIInterfaceOrientationPortrait;
				INFOPLIST_KEY_UIUserInterfaceStyle = Light;
				IPHONEOS_DEPLOYMENT_TARGET = 13.6;
				LD_RUNPATH_SEARCH_PATHS = (
					"$(inherited)",
					"@executable_path/Frameworks",
				);
				MARKETING_VERSION = 1.0;
				PRODUCT_BUNDLE_IDENTIFIER = himynameisartem.cerenadaApp;
				PRODUCT_NAME = "$(TARGET_NAME)";
				SWIFT_EMIT_LOC_STRINGS = YES;
				SWIFT_VERSION = 5.0;
				TARGETED_DEVICE_FAMILY = 1;
			};
			name = Release;
		};
/* End XCBuildConfiguration section */

/* Begin XCConfigurationList section */
		31ACD43027FE170500DAD756 /* Build configuration list for PBXProject "cerenadaApp" */ = {
			isa = XCConfigurationList;
			buildConfigurations = (
				31ACD44727FE170600DAD756 /* Debug */,
				31ACD44827FE170600DAD756 /* Release */,
			);
			defaultConfigurationIsVisible = 0;
			defaultConfigurationName = Release;
		};
		31ACD44927FE170600DAD756 /* Build configuration list for PBXNativeTarget "cerenadaApp" */ = {
			isa = XCConfigurationList;
			buildConfigurations = (
				31ACD44A27FE170600DAD756 /* Debug */,
				31ACD44B27FE170600DAD756 /* Release */,
			);
			defaultConfigurationIsVisible = 0;
			defaultConfigurationName = Release;
		};
/* End XCConfigurationList section */
	};
	rootObject = 31ACD42D27FE170500DAD756 /* Project object */;
}
