// !$*UTF8*$!
{
	archiveVersion = 1;
	classes = {
	};
	objectVersion = 55;
	objects = {

/* Begin PBXBuildFile section */
		310F966D297C6B7200B5F5B8 /* InformationAboutUsModel.swift in Sources */ = {isa = PBXBuildFile; fileRef = 310F966C297C6B7200B5F5B8 /* InformationAboutUsModel.swift */; };
		310F966F2984410200B5F5B8 /* SizeListTableViewCell.swift in Sources */ = {isa = PBXBuildFile; fileRef = 310F966E2984410200B5F5B8 /* SizeListTableViewCell.swift */; };
		310F9671298460A600B5F5B8 /* SizeContainerTableViewCell.swift in Sources */ = {isa = PBXBuildFile; fileRef = 310F9670298460A600B5F5B8 /* SizeContainerTableViewCell.swift */; };
		310F967329850C0300B5F5B8 /* ContactTableViewCell.swift in Sources */ = {isa = PBXBuildFile; fileRef = 310F967229850C0300B5F5B8 /* ContactTableViewCell.swift */; };
		312DB310294DBECE003A8043 /* ReviewsCollectionViewCell.swift in Sources */ = {isa = PBXBuildFile; fileRef = 312DB30F294DBECE003A8043 /* ReviewsCollectionViewCell.swift */; };
		314B7FF529374FFA004CA151 /* ProductCardViewController.swift in Sources */ = {isa = PBXBuildFile; fileRef = 314B7FF429374FFA004CA151 /* ProductCardViewController.swift */; };
		314B7FFC2939392C004CA151 /* ProductCardManager.swift in Sources */ = {isa = PBXBuildFile; fileRef = 314B7FFB2939392C004CA151 /* ProductCardManager.swift */; };
		314B7FFE293CCCFC004CA151 /* GalleryCollectionViewCell.swift in Sources */ = {isa = PBXBuildFile; fileRef = 314B7FFD293CCCFC004CA151 /* GalleryCollectionViewCell.swift */; };
		316820702907CC8000E28F62 /* ProductCardModel.swift in Sources */ = {isa = PBXBuildFile; fileRef = 3168206F2907CC8000E28F62 /* ProductCardModel.swift */; };
		316820722907CCC000E28F62 /* NewProductManager.swift in Sources */ = {isa = PBXBuildFile; fileRef = 316820712907CCC000E28F62 /* NewProductManager.swift */; };
		317261B92948B4E700B73E41 /* AddToCartTableViewCell.swift in Sources */ = {isa = PBXBuildFile; fileRef = 317261B82948B4E700B73E41 /* AddToCartTableViewCell.swift */; };
		31958344292D0F9D000CB4DD /* InformationAbousUsViewController.swift in Sources */ = {isa = PBXBuildFile; fileRef = 31958343292D0F9D000CB4DD /* InformationAbousUsViewController.swift */; };
		31ACD43927FE170500DAD756 /* AppDelegate.swift in Sources */ = {isa = PBXBuildFile; fileRef = 31ACD43827FE170500DAD756 /* AppDelegate.swift */; };
		31ACD44227FE170600DAD756 /* Assets.xcassets in Resources */ = {isa = PBXBuildFile; fileRef = 31ACD44127FE170600DAD756 /* Assets.xcassets */; };
		31ACD44527FE170600DAD756 /* LaunchScreen.storyboard in Resources */ = {isa = PBXBuildFile; fileRef = 31ACD44327FE170600DAD756 /* LaunchScreen.storyboard */; };
		31ACD44D27FE183B00DAD756 /* MainViewController.swift in Sources */ = {isa = PBXBuildFile; fileRef = 31ACD44C27FE183B00DAD756 /* MainViewController.swift */; };
		31B710EE290D495C00E6CA04 /* PresentationCollectionViewCell.swift in Sources */ = {isa = PBXBuildFile; fileRef = 31B710ED290D495C00E6CA04 /* PresentationCollectionViewCell.swift */; };
		31B710F2290E863A00E6CA04 /* NewProductsCollectionViewCell.swift in Sources */ = {isa = PBXBuildFile; fileRef = 31B710F1290E863A00E6CA04 /* NewProductsCollectionViewCell.swift */; };
		31B710F4290FCC0E00E6CA04 /* PartnersCollectionViewCell.swift in Sources */ = {isa = PBXBuildFile; fileRef = 31B710F3290FCC0E00E6CA04 /* PartnersCollectionViewCell.swift */; };
		31B710F6290FD0C500E6CA04 /* PartnersData.swift in Sources */ = {isa = PBXBuildFile; fileRef = 31B710F5290FD0C500E6CA04 /* PartnersData.swift */; };
		31B710FB290FF7E700E6CA04 /* InfoTableViewCell.swift in Sources */ = {isa = PBXBuildFile; fileRef = 31B710FA290FF7E700E6CA04 /* InfoTableViewCell.swift */; };
		31FDE4502994E99500397DED /* MainVC+SearchBar+UpdateSearchResults.swift in Sources */ = {isa = PBXBuildFile; fileRef = 31FDE44F2994E99500397DED /* MainVC+SearchBar+UpdateSearchResults.swift */; };
		31FDE4522994E9F200397DED /* MainVC+CollectionViews.swift in Sources */ = {isa = PBXBuildFile; fileRef = 31FDE4512994E9F200397DED /* MainVC+CollectionViews.swift */; };
		31FDE4542994EA4D00397DED /* MainVC+TableViews.swift in Sources */ = {isa = PBXBuildFile; fileRef = 31FDE4532994EA4D00397DED /* MainVC+TableViews.swift */; };
		31FDE4562994EBF100397DED /* MainVC+CustomNavigationView.swift in Sources */ = {isa = PBXBuildFile; fileRef = 31FDE4552994EBF100397DED /* MainVC+CustomNavigationView.swift */; };
		31FDE4582995055F00397DED /* UIViewExtensions.swift in Sources */ = {isa = PBXBuildFile; fileRef = 31FDE4572995055F00397DED /* UIViewExtensions.swift */; };
		31FDE45B2995313800397DED /* ProductCardVC+CollectionViews.swift in Sources */ = {isa = PBXBuildFile; fileRef = 31FDE45A2995313800397DED /* ProductCardVC+CollectionViews.swift */; };
		31FDE45D2995315300397DED /* ProductCardVC+TableViews.swift in Sources */ = {isa = PBXBuildFile; fileRef = 31FDE45C2995315300397DED /* ProductCardVC+TableViews.swift */; };
		31FDE45F299532B700397DED /* ProductCardVC+CustomNavigationView.swift in Sources */ = {isa = PBXBuildFile; fileRef = 31FDE45E299532B700397DED /* ProductCardVC+CustomNavigationView.swift */; };
		31FDE461299537B600397DED /* ProductCardVC+ScrollViewDelegate.swift in Sources */ = {isa = PBXBuildFile; fileRef = 31FDE460299537B600397DED /* ProductCardVC+ScrollViewDelegate.swift */; };
		31FDE46629953ABC00397DED /* InformationAboutUsData.swift in Sources */ = {isa = PBXBuildFile; fileRef = 31FDE46529953ABC00397DED /* InformationAboutUsData.swift */; };
		31FDE46A29953B4200397DED /* PreviewData.swift in Sources */ = {isa = PBXBuildFile; fileRef = 31FDE46929953B4200397DED /* PreviewData.swift */; };
		31FDE46E2997890C00397DED /* ProductsListViewController.swift in Sources */ = {isa = PBXBuildFile; fileRef = 31FDE46D2997890C00397DED /* ProductsListViewController.swift */; };
		31FDE470299A8C4800397DED /* ProductCardVC+TextFieldDelegate.swift in Sources */ = {isa = PBXBuildFile; fileRef = 31FDE46F299A8C4800397DED /* ProductCardVC+TextFieldDelegate.swift */; };
		31FDE473299B76E700397DED /* ReviewsModel.swift in Sources */ = {isa = PBXBuildFile; fileRef = 31FDE472299B76E700397DED /* ReviewsModel.swift */; };
		31FDE475299B76FA00397DED /* ReviewsManager.swift in Sources */ = {isa = PBXBuildFile; fileRef = 31FDE474299B76FA00397DED /* ReviewsManager.swift */; };
		31FDE478299D3C4200397DED /* RelatedManager.swift in Sources */ = {isa = PBXBuildFile; fileRef = 31FDE477299D3C4200397DED /* RelatedManager.swift */; };
		31FDE47A299D706A00397DED /* RelatedCollectionViewCell.swift in Sources */ = {isa = PBXBuildFile; fileRef = 31FDE479299D706A00397DED /* RelatedCollectionViewCell.swift */; };
		F6D850EDFA69236E520232BF /* Pods_cerenadaApp.framework in Frameworks */ = {isa = PBXBuildFile; fileRef = 75757C73A7D74269DDC194DB /* Pods_cerenadaApp.framework */; };
/* End PBXBuildFile section */

/* Begin PBXFileReference section */
		29E716721A9A3BE6F3DAEDF0 /* Pods-cerenadaApp.debug.xcconfig */ = {isa = PBXFileReference; includeInIndex = 1; lastKnownFileType = text.xcconfig; name = "Pods-cerenadaApp.debug.xcconfig"; path = "Target Support Files/Pods-cerenadaApp/Pods-cerenadaApp.debug.xcconfig"; sourceTree = "<group>"; };
		310F966C297C6B7200B5F5B8 /* InformationAboutUsModel.swift */ = {isa = PBXFileReference; lastKnownFileType = sourcecode.swift; path = InformationAboutUsModel.swift; sourceTree = "<group>"; };
		310F966E2984410200B5F5B8 /* SizeListTableViewCell.swift */ = {isa = PBXFileReference; lastKnownFileType = sourcecode.swift; path = SizeListTableViewCell.swift; sourceTree = "<group>"; };
		310F9670298460A600B5F5B8 /* SizeContainerTableViewCell.swift */ = {isa = PBXFileReference; lastKnownFileType = sourcecode.swift; path = SizeContainerTableViewCell.swift; sourceTree = "<group>"; };
		310F967229850C0300B5F5B8 /* ContactTableViewCell.swift */ = {isa = PBXFileReference; lastKnownFileType = sourcecode.swift; path = ContactTableViewCell.swift; sourceTree = "<group>"; };
		312DB30F294DBECE003A8043 /* ReviewsCollectionViewCell.swift */ = {isa = PBXFileReference; lastKnownFileType = sourcecode.swift; path = ReviewsCollectionViewCell.swift; sourceTree = "<group>"; };
		314B7FF429374FFA004CA151 /* ProductCardViewController.swift */ = {isa = PBXFileReference; lastKnownFileType = sourcecode.swift; path = ProductCardViewController.swift; sourceTree = "<group>"; };
		314B7FFB2939392C004CA151 /* ProductCardManager.swift */ = {isa = PBXFileReference; lastKnownFileType = sourcecode.swift; path = ProductCardManager.swift; sourceTree = "<group>"; };
		314B7FFD293CCCFC004CA151 /* GalleryCollectionViewCell.swift */ = {isa = PBXFileReference; lastKnownFileType = sourcecode.swift; path = GalleryCollectionViewCell.swift; sourceTree = "<group>"; };
		3168206F2907CC8000E28F62 /* ProductCardModel.swift */ = {isa = PBXFileReference; lastKnownFileType = sourcecode.swift; path = ProductCardModel.swift; sourceTree = "<group>"; };
		316820712907CCC000E28F62 /* NewProductManager.swift */ = {isa = PBXFileReference; lastKnownFileType = sourcecode.swift; path = NewProductManager.swift; sourceTree = "<group>"; };
		317261B82948B4E700B73E41 /* AddToCartTableViewCell.swift */ = {isa = PBXFileReference; lastKnownFileType = sourcecode.swift; path = AddToCartTableViewCell.swift; sourceTree = "<group>"; };
		31958343292D0F9D000CB4DD /* InformationAbousUsViewController.swift */ = {isa = PBXFileReference; lastKnownFileType = sourcecode.swift; path = InformationAbousUsViewController.swift; sourceTree = "<group>"; };
		31ACD43527FE170500DAD756 /* cerenadaApp.app */ = {isa = PBXFileReference; explicitFileType = wrapper.application; includeInIndex = 0; path = cerenadaApp.app; sourceTree = BUILT_PRODUCTS_DIR; };
		31ACD43827FE170500DAD756 /* AppDelegate.swift */ = {isa = PBXFileReference; lastKnownFileType = sourcecode.swift; path = AppDelegate.swift; sourceTree = "<group>"; };
		31ACD44127FE170600DAD756 /* Assets.xcassets */ = {isa = PBXFileReference; lastKnownFileType = folder.assetcatalog; path = Assets.xcassets; sourceTree = "<group>"; };
		31ACD44427FE170600DAD756 /* Base */ = {isa = PBXFileReference; lastKnownFileType = file.storyboard; name = Base; path = Base.lproj/LaunchScreen.storyboard; sourceTree = "<group>"; };
		31ACD44627FE170600DAD756 /* Info.plist */ = {isa = PBXFileReference; lastKnownFileType = text.plist.xml; path = Info.plist; sourceTree = "<group>"; };
		31ACD44C27FE183B00DAD756 /* MainViewController.swift */ = {isa = PBXFileReference; lastKnownFileType = sourcecode.swift; path = MainViewController.swift; sourceTree = "<group>"; };
		31B710ED290D495C00E6CA04 /* PresentationCollectionViewCell.swift */ = {isa = PBXFileReference; lastKnownFileType = sourcecode.swift; path = PresentationCollectionViewCell.swift; sourceTree = "<group>"; };
		31B710F1290E863A00E6CA04 /* NewProductsCollectionViewCell.swift */ = {isa = PBXFileReference; lastKnownFileType = sourcecode.swift; path = NewProductsCollectionViewCell.swift; sourceTree = "<group>"; };
		31B710F3290FCC0E00E6CA04 /* PartnersCollectionViewCell.swift */ = {isa = PBXFileReference; lastKnownFileType = sourcecode.swift; path = PartnersCollectionViewCell.swift; sourceTree = "<group>"; };
		31B710F5290FD0C500E6CA04 /* PartnersData.swift */ = {isa = PBXFileReference; lastKnownFileType = sourcecode.swift; path = PartnersData.swift; sourceTree = "<group>"; };
		31B710FA290FF7E700E6CA04 /* InfoTableViewCell.swift */ = {isa = PBXFileReference; lastKnownFileType = sourcecode.swift; path = InfoTableViewCell.swift; sourceTree = "<group>"; };
		31FDE44F2994E99500397DED /* MainVC+SearchBar+UpdateSearchResults.swift */ = {isa = PBXFileReference; lastKnownFileType = sourcecode.swift; path = "MainVC+SearchBar+UpdateSearchResults.swift"; sourceTree = "<group>"; };
		31FDE4512994E9F200397DED /* MainVC+CollectionViews.swift */ = {isa = PBXFileReference; lastKnownFileType = sourcecode.swift; path = "MainVC+CollectionViews.swift"; sourceTree = "<group>"; };
		31FDE4532994EA4D00397DED /* MainVC+TableViews.swift */ = {isa = PBXFileReference; lastKnownFileType = sourcecode.swift; path = "MainVC+TableViews.swift"; sourceTree = "<group>"; };
		31FDE4552994EBF100397DED /* MainVC+CustomNavigationView.swift */ = {isa = PBXFileReference; lastKnownFileType = sourcecode.swift; path = "MainVC+CustomNavigationView.swift"; sourceTree = "<group>"; };
		31FDE4572995055F00397DED /* UIViewExtensions.swift */ = {isa = PBXFileReference; lastKnownFileType = sourcecode.swift; path = UIViewExtensions.swift; sourceTree = "<group>"; };
		31FDE45A2995313800397DED /* ProductCardVC+CollectionViews.swift */ = {isa = PBXFileReference; lastKnownFileType = sourcecode.swift; path = "ProductCardVC+CollectionViews.swift"; sourceTree = "<group>"; };
		31FDE45C2995315300397DED /* ProductCardVC+TableViews.swift */ = {isa = PBXFileReference; lastKnownFileType = sourcecode.swift; path = "ProductCardVC+TableViews.swift"; sourceTree = "<group>"; };
		31FDE45E299532B700397DED /* ProductCardVC+CustomNavigationView.swift */ = {isa = PBXFileReference; lastKnownFileType = sourcecode.swift; path = "ProductCardVC+CustomNavigationView.swift"; sourceTree = "<group>"; };
		31FDE460299537B600397DED /* ProductCardVC+ScrollViewDelegate.swift */ = {isa = PBXFileReference; lastKnownFileType = sourcecode.swift; path = "ProductCardVC+ScrollViewDelegate.swift"; sourceTree = "<group>"; };
		31FDE46529953ABC00397DED /* InformationAboutUsData.swift */ = {isa = PBXFileReference; lastKnownFileType = sourcecode.swift; path = InformationAboutUsData.swift; sourceTree = "<group>"; };
		31FDE46929953B4200397DED /* PreviewData.swift */ = {isa = PBXFileReference; lastKnownFileType = sourcecode.swift; path = PreviewData.swift; sourceTree = "<group>"; };
		31FDE46D2997890C00397DED /* ProductsListViewController.swift */ = {isa = PBXFileReference; lastKnownFileType = sourcecode.swift; path = ProductsListViewController.swift; sourceTree = "<group>"; };
		31FDE46F299A8C4800397DED /* ProductCardVC+TextFieldDelegate.swift */ = {isa = PBXFileReference; lastKnownFileType = sourcecode.swift; path = "ProductCardVC+TextFieldDelegate.swift"; sourceTree = "<group>"; };
		31FDE472299B76E700397DED /* ReviewsModel.swift */ = {isa = PBXFileReference; lastKnownFileType = sourcecode.swift; path = ReviewsModel.swift; sourceTree = "<group>"; };
		31FDE474299B76FA00397DED /* ReviewsManager.swift */ = {isa = PBXFileReference; lastKnownFileType = sourcecode.swift; path = ReviewsManager.swift; sourceTree = "<group>"; };
		31FDE477299D3C4200397DED /* RelatedManager.swift */ = {isa = PBXFileReference; lastKnownFileType = sourcecode.swift; path = RelatedManager.swift; sourceTree = "<group>"; };
		31FDE479299D706A00397DED /* RelatedCollectionViewCell.swift */ = {isa = PBXFileReference; lastKnownFileType = sourcecode.swift; path = RelatedCollectionViewCell.swift; sourceTree = "<group>"; };
		39D0CB24D2B67817F1B430E9 /* Pods-cerenadaApp.release.xcconfig */ = {isa = PBXFileReference; includeInIndex = 1; lastKnownFileType = text.xcconfig; name = "Pods-cerenadaApp.release.xcconfig"; path = "Target Support Files/Pods-cerenadaApp/Pods-cerenadaApp.release.xcconfig"; sourceTree = "<group>"; };
		75757C73A7D74269DDC194DB /* Pods_cerenadaApp.framework */ = {isa = PBXFileReference; explicitFileType = wrapper.framework; includeInIndex = 0; path = Pods_cerenadaApp.framework; sourceTree = BUILT_PRODUCTS_DIR; };
/* End PBXFileReference section */

/* Begin PBXFrameworksBuildPhase section */
		31ACD43227FE170500DAD756 /* Frameworks */ = {
			isa = PBXFrameworksBuildPhase;
			buildActionMask = 2147483647;
			files = (
				F6D850EDFA69236E520232BF /* Pods_cerenadaApp.framework in Frameworks */,
			);
			runOnlyForDeploymentPostprocessing = 0;
		};
/* End PBXFrameworksBuildPhase section */

/* Begin PBXGroup section */
		314B7FF329374FD1004CA151 /* ProductCardViewController */ = {
			isa = PBXGroup;
			children = (
				314B7FF429374FFA004CA151 /* ProductCardViewController.swift */,
				31FDE45E299532B700397DED /* ProductCardVC+CustomNavigationView.swift */,
				31FDE45A2995313800397DED /* ProductCardVC+CollectionViews.swift */,
				31FDE45C2995315300397DED /* ProductCardVC+TableViews.swift */,
				31FDE460299537B600397DED /* ProductCardVC+ScrollViewDelegate.swift */,
				31FDE46F299A8C4800397DED /* ProductCardVC+TextFieldDelegate.swift */,
				314B7FFF293CCE2F004CA151 /* Cells */,
			);
			path = ProductCardViewController;
			sourceTree = "<group>";
		};
		314B7FF6293936BD004CA151 /* Model */ = {
			isa = PBXGroup;
			children = (
				31FDE46829953B3400397DED /* PreviewData */,
				314B7FF7293936DC004CA151 /* ProductData */,
				31FDE46729953B1000397DED /* PartersData */,
				31FDE471299B76BA00397DED /* ReviewsData */,
				31FDE476299D3C1300397DED /* RelatedData */,
				31FDE46429953A8A00397DED /* InformationAboutUsData */,
			);
			path = Model;
			sourceTree = "<group>";
		};
		314B7FF7293936DC004CA151 /* ProductData */ = {
			isa = PBXGroup;
			children = (
				3168206F2907CC8000E28F62 /* ProductCardModel.swift */,
				314B7FFB2939392C004CA151 /* ProductCardManager.swift */,
				316820712907CCC000E28F62 /* NewProductManager.swift */,
			);
			path = ProductData;
			sourceTree = "<group>";
		};
		314B7FFF293CCE2F004CA151 /* Cells */ = {
			isa = PBXGroup;
			children = (
				314B7FFD293CCCFC004CA151 /* GalleryCollectionViewCell.swift */,
				317261B82948B4E700B73E41 /* AddToCartTableViewCell.swift */,
				312DB30F294DBECE003A8043 /* ReviewsCollectionViewCell.swift */,
				31FDE479299D706A00397DED /* RelatedCollectionViewCell.swift */,
			);
			path = Cells;
			sourceTree = "<group>";
		};
		31ACD42C27FE170500DAD756 = {
			isa = PBXGroup;
			children = (
				31ACD43727FE170500DAD756 /* cerenadaApp */,
				31ACD43627FE170500DAD756 /* Products */,
				5002F1A5CA36EB88CE4C8AFB /* Pods */,
				7A9A58FE4CEC9EE92B9178E9 /* Frameworks */,
			);
			sourceTree = "<group>";
		};
		31ACD43627FE170500DAD756 /* Products */ = {
			isa = PBXGroup;
			children = (
				31ACD43527FE170500DAD756 /* cerenadaApp.app */,
			);
			name = Products;
			sourceTree = "<group>";
		};
		31ACD43727FE170500DAD756 /* cerenadaApp */ = {
			isa = PBXGroup;
			children = (
				31ACD43827FE170500DAD756 /* AppDelegate.swift */,
				314B7FF6293936BD004CA151 /* Model */,
				31B710F0290D49CE00E6CA04 /* Controllers */,
				31ACD44127FE170600DAD756 /* Assets.xcassets */,
				31ACD44327FE170600DAD756 /* LaunchScreen.storyboard */,
				31ACD44627FE170600DAD756 /* Info.plist */,
			);
			path = cerenadaApp;
			sourceTree = "<group>";
		};
		31B710EF290D49C300E6CA04 /* MainViewController */ = {
			isa = PBXGroup;
			children = (
				31ACD44C27FE183B00DAD756 /* MainViewController.swift */,
				31FDE4552994EBF100397DED /* MainVC+CustomNavigationView.swift */,
				31FDE44F2994E99500397DED /* MainVC+SearchBar+UpdateSearchResults.swift */,
				31FDE4512994E9F200397DED /* MainVC+CollectionViews.swift */,
				31FDE4532994EA4D00397DED /* MainVC+TableViews.swift */,
				31B710F7290FD1A600E6CA04 /* Cells */,
			);
			path = MainViewController;
			sourceTree = "<group>";
		};
		31B710F0290D49CE00E6CA04 /* Controllers */ = {
			isa = PBXGroup;
			children = (
				31B710EF290D49C300E6CA04 /* MainViewController */,
				314B7FF329374FD1004CA151 /* ProductCardViewController */,
				31FDE4592995300000397DED /* InformationAboutUsViewController */,
				31FDE46C299788C400397DED /* ProductsListViewController */,
				31FDE46B29953BB000397DED /* ClassesExtensions */,
			);
			path = Controllers;
			sourceTree = "<group>";
		};
		31B710F7290FD1A600E6CA04 /* Cells */ = {
			isa = PBXGroup;
			children = (
				31B710ED290D495C00E6CA04 /* PresentationCollectionViewCell.swift */,
				31B710F1290E863A00E6CA04 /* NewProductsCollectionViewCell.swift */,
				31B710F3290FCC0E00E6CA04 /* PartnersCollectionViewCell.swift */,
				31B710FA290FF7E700E6CA04 /* InfoTableViewCell.swift */,
				310F9670298460A600B5F5B8 /* SizeContainerTableViewCell.swift */,
				310F966E2984410200B5F5B8 /* SizeListTableViewCell.swift */,
				310F967229850C0300B5F5B8 /* ContactTableViewCell.swift */,
			);
			path = Cells;
			sourceTree = "<group>";
		};
		31FDE4592995300000397DED /* InformationAboutUsViewController */ = {
			isa = PBXGroup;
			children = (
				31958343292D0F9D000CB4DD /* InformationAbousUsViewController.swift */,
			);
			path = InformationAboutUsViewController;
			sourceTree = "<group>";
		};
		31FDE46429953A8A00397DED /* InformationAboutUsData */ = {
			isa = PBXGroup;
			children = (
				310F966C297C6B7200B5F5B8 /* InformationAboutUsModel.swift */,
				31FDE46529953ABC00397DED /* InformationAboutUsData.swift */,
			);
			path = InformationAboutUsData;
			sourceTree = "<group>";
		};
		31FDE46729953B1000397DED /* PartersData */ = {
			isa = PBXGroup;
			children = (
				31B710F5290FD0C500E6CA04 /* PartnersData.swift */,
			);
			path = PartersData;
			sourceTree = "<group>";
		};
		31FDE46829953B3400397DED /* PreviewData */ = {
			isa = PBXGroup;
			children = (
				31FDE46929953B4200397DED /* PreviewData.swift */,
			);
			path = PreviewData;
			sourceTree = "<group>";
		};
		31FDE46B29953BB000397DED /* ClassesExtensions */ = {
			isa = PBXGroup;
			children = (
				31FDE4572995055F00397DED /* UIViewExtensions.swift */,
			);
			path = ClassesExtensions;
			sourceTree = "<group>";
		};
		31FDE46C299788C400397DED /* ProductsListViewController */ = {
			isa = PBXGroup;
			children = (
				31FDE46D2997890C00397DED /* ProductsListViewController.swift */,
			);
			path = ProductsListViewController;
			sourceTree = "<group>";
		};
		31FDE471299B76BA00397DED /* ReviewsData */ = {
			isa = PBXGroup;
			children = (
				31FDE472299B76E700397DED /* ReviewsModel.swift */,
				31FDE474299B76FA00397DED /* ReviewsManager.swift */,
			);
			path = ReviewsData;
			sourceTree = "<group>";
		};
		31FDE476299D3C1300397DED /* RelatedData */ = {
			isa = PBXGroup;
			children = (
				31FDE477299D3C4200397DED /* RelatedManager.swift */,
			);
			path = RelatedData;
			sourceTree = "<group>";
		};
		5002F1A5CA36EB88CE4C8AFB /* Pods */ = {
			isa = PBXGroup;
			children = (
				29E716721A9A3BE6F3DAEDF0 /* Pods-cerenadaApp.debug.xcconfig */,
				39D0CB24D2B67817F1B430E9 /* Pods-cerenadaApp.release.xcconfig */,
			);
			path = Pods;
			sourceTree = "<group>";
		};
		7A9A58FE4CEC9EE92B9178E9 /* Frameworks */ = {
			isa = PBXGroup;
			children = (
				75757C73A7D74269DDC194DB /* Pods_cerenadaApp.framework */,
			);
			name = Frameworks;
			sourceTree = "<group>";
		};
/* End PBXGroup section */

/* Begin PBXNativeTarget section */
		31ACD43427FE170500DAD756 /* cerenadaApp */ = {
			isa = PBXNativeTarget;
			buildConfigurationList = 31ACD44927FE170600DAD756 /* Build configuration list for PBXNativeTarget "cerenadaApp" */;
			buildPhases = (
				003073ACCFAC9DCF59179C52 /* [CP] Check Pods Manifest.lock */,
				31ACD43127FE170500DAD756 /* Sources */,
				31ACD43227FE170500DAD756 /* Frameworks */,
				31ACD43327FE170500DAD756 /* Resources */,
				76014484756C657CD516A71C /* [CP] Embed Pods Frameworks */,
			);
			buildRules = (
			);
			dependencies = (
			);
			name = cerenadaApp;
			productName = cerenadaApp;
			productReference = 31ACD43527FE170500DAD756 /* cerenadaApp.app */;
			productType = "com.apple.product-type.application";
		};
/* End PBXNativeTarget section */

/* Begin PBXProject section */
		31ACD42D27FE170500DAD756 /* Project object */ = {
			isa = PBXProject;
			attributes = {
				BuildIndependentTargetsInParallel = 1;
				LastSwiftUpdateCheck = 1320;
				LastUpgradeCheck = 1320;
				TargetAttributes = {
					31ACD43427FE170500DAD756 = {
						CreatedOnToolsVersion = 13.2;
					};
				};
			};
			buildConfigurationList = 31ACD43027FE170500DAD756 /* Build configuration list for PBXProject "cerenadaApp" */;
			compatibilityVersion = "Xcode 13.0";
			developmentRegion = en;
			hasScannedForEncodings = 0;
			knownRegions = (
				en,
				Base,
			);
			mainGroup = 31ACD42C27FE170500DAD756;
			productRefGroup = 31ACD43627FE170500DAD756 /* Products */;
			projectDirPath = "";
			projectRoot = "";
			targets = (
				31ACD43427FE170500DAD756 /* cerenadaApp */,
			);
		};
/* End PBXProject section */

/* Begin PBXResourcesBuildPhase section */
		31ACD43327FE170500DAD756 /* Resources */ = {
			isa = PBXResourcesBuildPhase;
			buildActionMask = 2147483647;
			files = (
				31ACD44527FE170600DAD756 /* LaunchScreen.storyboard in Resources */,
				31ACD44227FE170600DAD756 /* Assets.xcassets in Resources */,
			);
			runOnlyForDeploymentPostprocessing = 0;
		};
/* End PBXResourcesBuildPhase section */

/* Begin PBXShellScriptBuildPhase section */
		003073ACCFAC9DCF59179C52 /* [CP] Check Pods Manifest.lock */ = {
			isa = PBXShellScriptBuildPhase;
			buildActionMask = 2147483647;
			files = (
			);
			inputFileListPaths = (
			);
			inputPaths = (
				"${PODS_PODFILE_DIR_PATH}/Podfile.lock",
				"${PODS_ROOT}/Manifest.lock",
			);
			name = "[CP] Check Pods Manifest.lock";
			outputFileListPaths = (
			);
			outputPaths = (
				"$(DERIVED_FILE_DIR)/Pods-cerenadaApp-checkManifestLockResult.txt",
			);
			runOnlyForDeploymentPostprocessing = 0;
			shellPath = /bin/sh;
			shellScript = "diff \"${PODS_PODFILE_DIR_PATH}/Podfile.lock\" \"${PODS_ROOT}/Manifest.lock\" > /dev/null\nif [ $? != 0 ] ; then\n    # print error to STDERR\n    echo \"error: The sandbox is not in sync with the Podfile.lock. Run 'pod install' or update your CocoaPods installation.\" >&2\n    exit 1\nfi\n# This output is used by Xcode 'outputs' to avoid re-running this script phase.\necho \"SUCCESS\" > \"${SCRIPT_OUTPUT_FILE_0}\"\n";
			showEnvVarsInLog = 0;
		};
		76014484756C657CD516A71C /* [CP] Embed Pods Frameworks */ = {
			isa = PBXShellScriptBuildPhase;
			buildActionMask = 2147483647;
			files = (
			);
			inputFileListPaths = (
				"${PODS_ROOT}/Target Support Files/Pods-cerenadaApp/Pods-cerenadaApp-frameworks-${CONFIGURATION}-input-files.xcfilelist",
			);
			name = "[CP] Embed Pods Frameworks";
			outputFileListPaths = (
				"${PODS_ROOT}/Target Support Files/Pods-cerenadaApp/Pods-cerenadaApp-frameworks-${CONFIGURATION}-output-files.xcfilelist",
			);
			runOnlyForDeploymentPostprocessing = 0;
			shellPath = /bin/sh;
			shellScript = "\"${PODS_ROOT}/Target Support Files/Pods-cerenadaApp/Pods-cerenadaApp-frameworks.sh\"\n";
			showEnvVarsInLog = 0;
		};
/* End PBXShellScriptBuildPhase section */

/* Begin PBXSourcesBuildPhase section */
		31ACD43127FE170500DAD756 /* Sources */ = {
			isa = PBXSourcesBuildPhase;
			buildActionMask = 2147483647;
			files = (
				317261B92948B4E700B73E41 /* AddToCartTableViewCell.swift in Sources */,
				314B7FF529374FFA004CA151 /* ProductCardViewController.swift in Sources */,
				314B7FFE293CCCFC004CA151 /* GalleryCollectionViewCell.swift in Sources */,
				31FDE470299A8C4800397DED /* ProductCardVC+TextFieldDelegate.swift in Sources */,
				310F966F2984410200B5F5B8 /* SizeListTableViewCell.swift in Sources */,
				31958344292D0F9D000CB4DD /* InformationAbousUsViewController.swift in Sources */,
				31FDE45F299532B700397DED /* ProductCardVC+CustomNavigationView.swift in Sources */,
				310F967329850C0300B5F5B8 /* ContactTableViewCell.swift in Sources */,
				31FDE46E2997890C00397DED /* ProductsListViewController.swift in Sources */,
				31ACD43927FE170500DAD756 /* AppDelegate.swift in Sources */,
				31FDE4502994E99500397DED /* MainVC+SearchBar+UpdateSearchResults.swift in Sources */,
				31FDE461299537B600397DED /* ProductCardVC+ScrollViewDelegate.swift in Sources */,
				314B7FFC2939392C004CA151 /* ProductCardManager.swift in Sources */,
				31FDE4542994EA4D00397DED /* MainVC+TableViews.swift in Sources */,
				31FDE4582995055F00397DED /* UIViewExtensions.swift in Sources */,
				310F966D297C6B7200B5F5B8 /* InformationAboutUsModel.swift in Sources */,
				31B710FB290FF7E700E6CA04 /* InfoTableViewCell.swift in Sources */,
				31B710EE290D495C00E6CA04 /* PresentationCollectionViewCell.swift in Sources */,
				31FDE4562994EBF100397DED /* MainVC+CustomNavigationView.swift in Sources */,
				31FDE46629953ABC00397DED /* InformationAboutUsData.swift in Sources */,
				316820722907CCC000E28F62 /* NewProductManager.swift in Sources */,
				31FDE45B2995313800397DED /* ProductCardVC+CollectionViews.swift in Sources */,
				31FDE46A29953B4200397DED /* PreviewData.swift in Sources */,
				31FDE475299B76FA00397DED /* ReviewsManager.swift in Sources */,
				31B710F2290E863A00E6CA04 /* NewProductsCollectionViewCell.swift in Sources */,
				31FDE45D2995315300397DED /* ProductCardVC+TableViews.swift in Sources */,
				31B710F4290FCC0E00E6CA04 /* PartnersCollectionViewCell.swift in Sources */,
				31FDE4522994E9F200397DED /* MainVC+CollectionViews.swift in Sources */,
				316820702907CC8000E28F62 /* ProductCardModel.swift in Sources */,
				31FDE473299B76E700397DED /* ReviewsModel.swift in Sources */,
				310F9671298460A600B5F5B8 /* SizeContainerTableViewCell.swift in Sources */,
				312DB310294DBECE003A8043 /* ReviewsCollectionViewCell.swift in Sources */,
				31FDE478299D3C4200397DED /* RelatedManager.swift in Sources */,
				31B710F6290FD0C500E6CA04 /* PartnersData.swift in Sources */,
				31FDE47A299D706A00397DED /* RelatedCollectionViewCell.swift in Sources */,
				31ACD44D27FE183B00DAD756 /* MainViewController.swift in Sources */,
			);
			runOnlyForDeploymentPostprocessing = 0;
		};
/* End PBXSourcesBuildPhase section */

/* Begin PBXVariantGroup section */
		31ACD44327FE170600DAD756 /* LaunchScreen.storyboard */ = {
			isa = PBXVariantGroup;
			children = (
				31ACD44427FE170600DAD756 /* Base */,
			);
			name = LaunchScreen.storyboard;
			sourceTree = "<group>";
		};
/* End PBXVariantGroup section */

/* Begin XCBuildConfiguration section */
		31ACD44727FE170600DAD756 /* Debug */ = {
			isa = XCBuildConfiguration;
			buildSettings = {
				ALWAYS_SEARCH_USER_PATHS = NO;
				CLANG_ANALYZER_NONNULL = YES;
				CLANG_ANALYZER_NUMBER_OBJECT_CONVERSION = YES_AGGRESSIVE;
				CLANG_CXX_LANGUAGE_STANDARD = "gnu++17";
				CLANG_CXX_LIBRARY = "libc++";
				CLANG_ENABLE_MODULES = YES;
				CLANG_ENABLE_OBJC_ARC = YES;
				CLANG_ENABLE_OBJC_WEAK = YES;
				CLANG_WARN_BLOCK_CAPTURE_AUTORELEASING = YES;
				CLANG_WARN_BOOL_CONVERSION = YES;
				CLANG_WARN_COMMA = YES;
				CLANG_WARN_CONSTANT_CONVERSION = YES;
				CLANG_WARN_DEPRECATED_OBJC_IMPLEMENTATIONS = YES;
				CLANG_WARN_DIRECT_OBJC_ISA_USAGE = YES_ERROR;
				CLANG_WARN_DOCUMENTATION_COMMENTS = YES;
				CLANG_WARN_EMPTY_BODY = YES;
				CLANG_WARN_ENUM_CONVERSION = YES;
				CLANG_WARN_INFINITE_RECURSION = YES;
				CLANG_WARN_INT_CONVERSION = YES;
				CLANG_WARN_NON_LITERAL_NULL_CONVERSION = YES;
				CLANG_WARN_OBJC_IMPLICIT_RETAIN_SELF = YES;
				CLANG_WARN_OBJC_LITERAL_CONVERSION = YES;
				CLANG_WARN_OBJC_ROOT_CLASS = YES_ERROR;
				CLANG_WARN_QUOTED_INCLUDE_IN_FRAMEWORK_HEADER = YES;
				CLANG_WARN_RANGE_LOOP_ANALYSIS = YES;
				CLANG_WARN_STRICT_PROTOTYPES = YES;
				CLANG_WARN_SUSPICIOUS_MOVE = YES;
				CLANG_WARN_UNGUARDED_AVAILABILITY = YES_AGGRESSIVE;
				CLANG_WARN_UNREACHABLE_CODE = YES;
				CLANG_WARN__DUPLICATE_METHOD_MATCH = YES;
				COPY_PHASE_STRIP = NO;
				DEBUG_INFORMATION_FORMAT = dwarf;
				ENABLE_STRICT_OBJC_MSGSEND = YES;
				ENABLE_TESTABILITY = YES;
				GCC_C_LANGUAGE_STANDARD = gnu11;
				GCC_DYNAMIC_NO_PIC = NO;
				GCC_NO_COMMON_BLOCKS = YES;
				GCC_OPTIMIZATION_LEVEL = 0;
				GCC_PREPROCESSOR_DEFINITIONS = (
					"DEBUG=1",
					"$(inherited)",
				);
				GCC_WARN_64_TO_32_BIT_CONVERSION = YES;
				GCC_WARN_ABOUT_RETURN_TYPE = YES_ERROR;
				GCC_WARN_UNDECLARED_SELECTOR = YES;
				GCC_WARN_UNINITIALIZED_AUTOS = YES_AGGRESSIVE;
				GCC_WARN_UNUSED_FUNCTION = YES;
				GCC_WARN_UNUSED_VARIABLE = YES;
				IPHONEOS_DEPLOYMENT_TARGET = 15.2;
				MTL_ENABLE_DEBUG_INFO = INCLUDE_SOURCE;
				MTL_FAST_MATH = YES;
				ONLY_ACTIVE_ARCH = YES;
				SDKROOT = iphoneos;
				SWIFT_ACTIVE_COMPILATION_CONDITIONS = DEBUG;
				SWIFT_OPTIMIZATION_LEVEL = "-Onone";
			};
			name = Debug;
		};
		31ACD44827FE170600DAD756 /* Release */ = {
			isa = XCBuildConfiguration;
			buildSettings = {
				ALWAYS_SEARCH_USER_PATHS = NO;
				CLANG_ANALYZER_NONNULL = YES;
				CLANG_ANALYZER_NUMBER_OBJECT_CONVERSION = YES_AGGRESSIVE;
				CLANG_CXX_LANGUAGE_STANDARD = "gnu++17";
				CLANG_CXX_LIBRARY = "libc++";
				CLANG_ENABLE_MODULES = YES;
				CLANG_ENABLE_OBJC_ARC = YES;
				CLANG_ENABLE_OBJC_WEAK = YES;
				CLANG_WARN_BLOCK_CAPTURE_AUTORELEASING = YES;
				CLANG_WARN_BOOL_CONVERSION = YES;
				CLANG_WARN_COMMA = YES;
				CLANG_WARN_CONSTANT_CONVERSION = YES;
				CLANG_WARN_DEPRECATED_OBJC_IMPLEMENTATIONS = YES;
				CLANG_WARN_DIRECT_OBJC_ISA_USAGE = YES_ERROR;
				CLANG_WARN_DOCUMENTATION_COMMENTS = YES;
				CLANG_WARN_EMPTY_BODY = YES;
				CLANG_WARN_ENUM_CONVERSION = YES;
				CLANG_WARN_INFINITE_RECURSION = YES;
				CLANG_WARN_INT_CONVERSION = YES;
				CLANG_WARN_NON_LITERAL_NULL_CONVERSION = YES;
				CLANG_WARN_OBJC_IMPLICIT_RETAIN_SELF = YES;
				CLANG_WARN_OBJC_LITERAL_CONVERSION = YES;
				CLANG_WARN_OBJC_ROOT_CLASS = YES_ERROR;
				CLANG_WARN_QUOTED_INCLUDE_IN_FRAMEWORK_HEADER = YES;
				CLANG_WARN_RANGE_LOOP_ANALYSIS = YES;
				CLANG_WARN_STRICT_PROTOTYPES = YES;
				CLANG_WARN_SUSPICIOUS_MOVE = YES;
				CLANG_WARN_UNGUARDED_AVAILABILITY = YES_AGGRESSIVE;
				CLANG_WARN_UNREACHABLE_CODE = YES;
				CLANG_WARN__DUPLICATE_METHOD_MATCH = YES;
				COPY_PHASE_STRIP = NO;
				DEBUG_INFORMATION_FORMAT = "dwarf-with-dsym";
				ENABLE_NS_ASSERTIONS = NO;
				ENABLE_STRICT_OBJC_MSGSEND = YES;
				GCC_C_LANGUAGE_STANDARD = gnu11;
				GCC_NO_COMMON_BLOCKS = YES;
				GCC_WARN_64_TO_32_BIT_CONVERSION = YES;
				GCC_WARN_ABOUT_RETURN_TYPE = YES_ERROR;
				GCC_WARN_UNDECLARED_SELECTOR = YES;
				GCC_WARN_UNINITIALIZED_AUTOS = YES_AGGRESSIVE;
				GCC_WARN_UNUSED_FUNCTION = YES;
				GCC_WARN_UNUSED_VARIABLE = YES;
				IPHONEOS_DEPLOYMENT_TARGET = 15.2;
				MTL_ENABLE_DEBUG_INFO = NO;
				MTL_FAST_MATH = YES;
				SDKROOT = iphoneos;
				SWIFT_COMPILATION_MODE = wholemodule;
				SWIFT_OPTIMIZATION_LEVEL = "-O";
				VALIDATE_PRODUCT = YES;
			};
			name = Release;
		};
		31ACD44A27FE170600DAD756 /* Debug */ = {
			isa = XCBuildConfiguration;
			baseConfigurationReference = 29E716721A9A3BE6F3DAEDF0 /* Pods-cerenadaApp.debug.xcconfig */;
			buildSettings = {
				ASSETCATALOG_COMPILER_APPICON_NAME = AppIcon;
				ASSETCATALOG_COMPILER_GLOBAL_ACCENT_COLOR_NAME = AccentColor;
				CODE_SIGN_STYLE = Automatic;
				CURRENT_PROJECT_VERSION = 1;
				DEVELOPMENT_TEAM = HZU66MWZY7;
				GENERATE_INFOPLIST_FILE = YES;
				INFOPLIST_FILE = cerenadaApp/Info.plist;
				INFOPLIST_KEY_UIApplicationSupportsIndirectInputEvents = YES;
				INFOPLIST_KEY_UILaunchStoryboardName = LaunchScreen;
				INFOPLIST_KEY_UISupportedInterfaceOrientations_iPad = "UIInterfaceOrientationPortrait UIInterfaceOrientationPortraitUpsideDown UIInterfaceOrientationLandscapeLeft UIInterfaceOrientationLandscapeRight";
				INFOPLIST_KEY_UISupportedInterfaceOrientations_iPhone = "UIInterfaceOrientationPortrait UIInterfaceOrientationLandscapeLeft UIInterfaceOrientationLandscapeRight";
				INFOPLIST_KEY_UIUserInterfaceStyle = Light;
				IPHONEOS_DEPLOYMENT_TARGET = 13.6;
				LD_RUNPATH_SEARCH_PATHS = (
					"$(inherited)",
					"@executable_path/Frameworks",
				);
				MARKETING_VERSION = 1.0;
				PRODUCT_BUNDLE_IDENTIFIER = himynameisartem.cerenadaApp;
				PRODUCT_NAME = "$(TARGET_NAME)";
				SWIFT_EMIT_LOC_STRINGS = YES;
				SWIFT_VERSION = 5.0;
				TARGETED_DEVICE_FAMILY = "1,2";
			};
			name = Debug;
		};
		31ACD44B27FE170600DAD756 /* Release */ = {
			isa = XCBuildConfiguration;
			baseConfigurationReference = 39D0CB24D2B67817F1B430E9 /* Pods-cerenadaApp.release.xcconfig */;
			buildSettings = {
				ASSETCATALOG_COMPILER_APPICON_NAME = AppIcon;
				ASSETCATALOG_COMPILER_GLOBAL_ACCENT_COLOR_NAME = AccentColor;
				CODE_SIGN_STYLE = Automatic;
				CURRENT_PROJECT_VERSION = 1;
				DEVELOPMENT_TEAM = HZU66MWZY7;
				GENERATE_INFOPLIST_FILE = YES;
				INFOPLIST_FILE = cerenadaApp/Info.plist;
				INFOPLIST_KEY_UIApplicationSupportsIndirectInputEvents = YES;
				INFOPLIST_KEY_UILaunchStoryboardName = LaunchScreen;
				INFOPLIST_KEY_UISupportedInterfaceOrientations_iPad = "UIInterfaceOrientationPortrait UIInterfaceOrientationPortraitUpsideDown UIInterfaceOrientationLandscapeLeft UIInterfaceOrientationLandscapeRight";
				INFOPLIST_KEY_UISupportedInterfaceOrientations_iPhone = "UIInterfaceOrientationPortrait UIInterfaceOrientationLandscapeLeft UIInterfaceOrientationLandscapeRight";
				IPHONEOS_DEPLOYMENT_TARGET = 13.6;
				LD_RUNPATH_SEARCH_PATHS = (
					"$(inherited)",
					"@executable_path/Frameworks",
				);
				MARKETING_VERSION = 1.0;
				PRODUCT_BUNDLE_IDENTIFIER = himynameisartem.cerenadaApp;
				PRODUCT_NAME = "$(TARGET_NAME)";
				SWIFT_EMIT_LOC_STRINGS = YES;
				SWIFT_VERSION = 5.0;
				TARGETED_DEVICE_FAMILY = "1,2";
			};
			name = Release;
		};
/* End XCBuildConfiguration section */

/* Begin XCConfigurationList section */
		31ACD43027FE170500DAD756 /* Build configuration list for PBXProject "cerenadaApp" */ = {
			isa = XCConfigurationList;
			buildConfigurations = (
				31ACD44727FE170600DAD756 /* Debug */,
				31ACD44827FE170600DAD756 /* Release */,
			);
			defaultConfigurationIsVisible = 0;
			defaultConfigurationName = Release;
		};
		31ACD44927FE170600DAD756 /* Build configuration list for PBXNativeTarget "cerenadaApp" */ = {
			isa = XCConfigurationList;
			buildConfigurations = (
				31ACD44A27FE170600DAD756 /* Debug */,
				31ACD44B27FE170600DAD756 /* Release */,
			);
			defaultConfigurationIsVisible = 0;
			defaultConfigurationName = Release;
		};
/* End XCConfigurationList section */
	};
	rootObject = 31ACD42D27FE170500DAD756 /* Project object */;
}
