// !$*UTF8*$!
{
	archiveVersion = 1;
	classes = {
	};
	objectVersion = 77;
	objects = {

/* Begin PBXBuildFile section */
		31BA5C022E0AE6B5003F627B /* AppDelegate.swift in Sources */ = {isa = PBXBuildFile; fileRef = 31BA5C012E0AE6B5003F627B /* AppDelegate.swift */; };
		31BA5C042E0AE6B5003F627B /* SceneDelegate.swift in Sources */ = {isa = PBXBuildFile; fileRef = 31BA5C032E0AE6B5003F627B /* SceneDelegate.swift */; };
		31BA5C062E0AE6B5003F627B /* HabbitsListViewController.swift in Sources */ = {isa = PBXBuildFile; fileRef = 31BA5C052E0AE6B5003F627B /* HabbitsListViewController.swift */; };
		31BA5C0B2E0AE6B7003F627B /* Assets.xcassets in Resources */ = {isa = PBXBuildFile; fileRef = 31BA5C0A2E0AE6B7003F627B /* Assets.xcassets */; };
		31BA5C0E2E0AE6B7003F627B /* LaunchScreen.storyboard in Resources */ = {isa = PBXBuildFile; fileRef = 31BA5C0C2E0AE6B7003F627B /* LaunchScreen.storyboard */; };
		31BA5C4E2E0BD4E0003F627B /* HabbitsListPresenter.swift in Sources */ = {isa = PBXBuildFile; fileRef = 31BA5C4D2E0BD4E0003F627B /* HabbitsListPresenter.swift */; };
		31BA5C502E0BD50D003F627B /* HabbitsListInteractor.swift in Sources */ = {isa = PBXBuildFile; fileRef = 31BA5C4F2E0BD50D003F627B /* HabbitsListInteractor.swift */; };
		31BA5C522E0BD516003F627B /* HabbitsListRouter.swift in Sources */ = {isa = PBXBuildFile; fileRef = 31BA5C512E0BD516003F627B /* HabbitsListRouter.swift */; };
		31BA5C552E0BD549003F627B /* DetailsHabbitViewController.swift in Sources */ = {isa = PBXBuildFile; fileRef = 31BA5C542E0BD549003F627B /* DetailsHabbitViewController.swift */; };
		31BA5C572E0BD554003F627B /* DetailsHabbitPresenter.swift in Sources */ = {isa = PBXBuildFile; fileRef = 31BA5C562E0BD554003F627B /* DetailsHabbitPresenter.swift */; };
		31BA5C592E0BD55F003F627B /* DetailsHabbitInteractor.swift in Sources */ = {isa = PBXBuildFile; fileRef = 31BA5C582E0BD55F003F627B /* DetailsHabbitInteractor.swift */; };
		31BA5C5C2E0BD5D8003F627B /* InputHabbitViewController.swift in Sources */ = {isa = PBXBuildFile; fileRef = 31BA5C5B2E0BD5D8003F627B /* InputHabbitViewController.swift */; };
		31BA5C5E2E0BD5E1003F627B /* InputHabbitPresenter.swift in Sources */ = {isa = PBXBuildFile; fileRef = 31BA5C5D2E0BD5E1003F627B /* InputHabbitPresenter.swift */; };
		31BA5C602E0BD5ED003F627B /* InputHabbitInteractor.swift in Sources */ = {isa = PBXBuildFile; fileRef = 31BA5C5F2E0BD5ED003F627B /* InputHabbitInteractor.swift */; };
		31BA5C642E0BD8E0003F627B /* HabbitsListConfigurator.swift in Sources */ = {isa = PBXBuildFile; fileRef = 31BA5C632E0BD8E0003F627B /* HabbitsListConfigurator.swift */; };
		31BA5C662E0BDA35003F627B /* DetailsHabbitConfigurator.swift in Sources */ = {isa = PBXBuildFile; fileRef = 31BA5C652E0BDA35003F627B /* DetailsHabbitConfigurator.swift */; };
		31BA5C682E0BDD60003F627B /* InputHabbitConfigurator.swift in Sources */ = {isa = PBXBuildFile; fileRef = 31BA5C672E0BDD60003F627B /* InputHabbitConfigurator.swift */; };
/* End PBXBuildFile section */

/* Begin PBXFileReference section */
		31BA5BFE2E0AE6B5003F627B /* HabbitTracker.app */ = {isa = PBXFileReference; explicitFileType = wrapper.application; includeInIndex = 0; path = HabbitTracker.app; sourceTree = BUILT_PRODUCTS_DIR; };
		31BA5C012E0AE6B5003F627B /* AppDelegate.swift */ = {isa = PBXFileReference; lastKnownFileType = sourcecode.swift; path = AppDelegate.swift; sourceTree = "<group>"; };
		31BA5C032E0AE6B5003F627B /* SceneDelegate.swift */ = {isa = PBXFileReference; lastKnownFileType = sourcecode.swift; path = SceneDelegate.swift; sourceTree = "<group>"; };
		31BA5C052E0AE6B5003F627B /* HabbitsListViewController.swift */ = {isa = PBXFileReference; lastKnownFileType = sourcecode.swift; path = HabbitsListViewController.swift; sourceTree = "<group>"; };
		31BA5C0A2E0AE6B7003F627B /* Assets.xcassets */ = {isa = PBXFileReference; lastKnownFileType = folder.assetcatalog; path = Assets.xcassets; sourceTree = "<group>"; };
		31BA5C0D2E0AE6B7003F627B /* Base */ = {isa = PBXFileReference; lastKnownFileType = file.storyboard; name = Base; path = Base.lproj/LaunchScreen.storyboard; sourceTree = "<group>"; };
		31BA5C0F2E0AE6B7003F627B /* Info.plist */ = {isa = PBXFileReference; lastKnownFileType = text.plist.xml; path = Info.plist; sourceTree = "<group>"; };
		31BA5C4D2E0BD4E0003F627B /* HabbitsListPresenter.swift */ = {isa = PBXFileReference; lastKnownFileType = sourcecode.swift; path = HabbitsListPresenter.swift; sourceTree = "<group>"; };
		31BA5C4F2E0BD50D003F627B /* HabbitsListInteractor.swift */ = {isa = PBXFileReference; lastKnownFileType = sourcecode.swift; path = HabbitsListInteractor.swift; sourceTree = "<group>"; };
		31BA5C512E0BD516003F627B /* HabbitsListRouter.swift */ = {isa = PBXFileReference; lastKnownFileType = sourcecode.swift; path = HabbitsListRouter.swift; sourceTree = "<group>"; };
		31BA5C542E0BD549003F627B /* DetailsHabbitViewController.swift */ = {isa = PBXFileReference; lastKnownFileType = sourcecode.swift; path = DetailsHabbitViewController.swift; sourceTree = "<group>"; };
		31BA5C562E0BD554003F627B /* DetailsHabbitPresenter.swift */ = {isa = PBXFileReference; lastKnownFileType = sourcecode.swift; path = DetailsHabbitPresenter.swift; sourceTree = "<group>"; };
		31BA5C582E0BD55F003F627B /* DetailsHabbitInteractor.swift */ = {isa = PBXFileReference; lastKnownFileType = sourcecode.swift; path = DetailsHabbitInteractor.swift; sourceTree = "<group>"; };
		31BA5C5B2E0BD5D8003F627B /* InputHabbitViewController.swift */ = {isa = PBXFileReference; lastKnownFileType = sourcecode.swift; path = InputHabbitViewController.swift; sourceTree = "<group>"; };
		31BA5C5D2E0BD5E1003F627B /* InputHabbitPresenter.swift */ = {isa = PBXFileReference; lastKnownFileType = sourcecode.swift; path = InputHabbitPresenter.swift; sourceTree = "<group>"; };
		31BA5C5F2E0BD5ED003F627B /* InputHabbitInteractor.swift */ = {isa = PBXFileReference; lastKnownFileType = sourcecode.swift; path = InputHabbitInteractor.swift; sourceTree = "<group>"; };
		31BA5C632E0BD8E0003F627B /* HabbitsListConfigurator.swift */ = {isa = PBXFileReference; lastKnownFileType = sourcecode.swift; path = HabbitsListConfigurator.swift; sourceTree = "<group>"; };
		31BA5C652E0BDA35003F627B /* DetailsHabbitConfigurator.swift */ = {isa = PBXFileReference; lastKnownFileType = sourcecode.swift; path = DetailsHabbitConfigurator.swift; sourceTree = "<group>"; };
		31BA5C672E0BDD60003F627B /* InputHabbitConfigurator.swift */ = {isa = PBXFileReference; lastKnownFileType = sourcecode.swift; path = InputHabbitConfigurator.swift; sourceTree = "<group>"; };
/* End PBXFileReference section */

/* Begin PBXFrameworksBuildPhase section */
		31BA5BFB2E0AE6B5003F627B /* Frameworks */ = {
			isa = PBXFrameworksBuildPhase;
			buildActionMask = 2147483647;
			files = (
			);
			runOnlyForDeploymentPostprocessing = 0;
		};
/* End PBXFrameworksBuildPhase section */

/* Begin PBXGroup section */
		31BA5BF52E0AE6B5003F627B = {
			isa = PBXGroup;
			children = (
				31BA5C4B2E0BD45A003F627B /* Application */,
				31BA5C4C2E0BD4C7003F627B /* HabbitsListModule */,
				31BA5C532E0BD51F003F627B /* DetailsHabbitModule */,
				31BA5C5A2E0BD57F003F627B /* InputHabbitModule */,
				31BA5C612E0BD5F6003F627B /* Services */,
				31BA5C622E0BD616003F627B /* Helpers */,
				31BA5BFF2E0AE6B5003F627B /* Products */,
			);
			sourceTree = "<group>";
		};
		31BA5BFF2E0AE6B5003F627B /* Products */ = {
			isa = PBXGroup;
			children = (
				31BA5BFE2E0AE6B5003F627B /* HabbitTracker.app */,
			);
			name = Products;
			sourceTree = "<group>";
		};
		31BA5C4B2E0BD45A003F627B /* Application */ = {
			isa = PBXGroup;
			children = (
				31BA5C012E0AE6B5003F627B /* AppDelegate.swift */,
				31BA5C032E0AE6B5003F627B /* SceneDelegate.swift */,
				31BA5C0A2E0AE6B7003F627B /* Assets.xcassets */,
				31BA5C0F2E0AE6B7003F627B /* Info.plist */,
				31BA5C0C2E0AE6B7003F627B /* LaunchScreen.storyboard */,
			);
			path = Application;
			sourceTree = "<group>";
		};
		31BA5C4C2E0BD4C7003F627B /* HabbitsListModule */ = {
			isa = PBXGroup;
			children = (
				31BA5C052E0AE6B5003F627B /* HabbitsListViewController.swift */,
				31BA5C4D2E0BD4E0003F627B /* HabbitsListPresenter.swift */,
				31BA5C4F2E0BD50D003F627B /* HabbitsListInteractor.swift */,
				31BA5C512E0BD516003F627B /* HabbitsListRouter.swift */,
				31BA5C632E0BD8E0003F627B /* HabbitsListConfigurator.swift */,
			);
			path = HabbitsListModule;
			sourceTree = "<group>";
		};
		31BA5C532E0BD51F003F627B /* DetailsHabbitModule */ = {
			isa = PBXGroup;
			children = (
				31BA5C542E0BD549003F627B /* DetailsHabbitViewController.swift */,
				31BA5C562E0BD554003F627B /* DetailsHabbitPresenter.swift */,
				31BA5C582E0BD55F003F627B /* DetailsHabbitInteractor.swift */,
				31BA5C652E0BDA35003F627B /* DetailsHabbitConfigurator.swift */,
			);
			path = DetailsHabbitModule;
			sourceTree = "<group>";
		};
		31BA5C5A2E0BD57F003F627B /* InputHabbitModule */ = {
			isa = PBXGroup;
			children = (
				31BA5C5B2E0BD5D8003F627B /* InputHabbitViewController.swift */,
				31BA5C5D2E0BD5E1003F627B /* InputHabbitPresenter.swift */,
				31BA5C5F2E0BD5ED003F627B /* InputHabbitInteractor.swift */,
				31BA5C672E0BDD60003F627B /* InputHabbitConfigurator.swift */,
			);
			path = InputHabbitModule;
			sourceTree = "<group>";
		};
		31BA5C612E0BD5F6003F627B /* Services */ = {
			isa = PBXGroup;
			children = (
			);
			path = Services;
			sourceTree = "<group>";
		};
		31BA5C622E0BD616003F627B /* Helpers */ = {
			isa = PBXGroup;
			children = (
			);
			path = Helpers;
			sourceTree = "<group>";
		};
/* End PBXGroup section */

/* Begin PBXNativeTarget section */
		31BA5BFD2E0AE6B5003F627B /* HabbitTracker */ = {
			isa = PBXNativeTarget;
			buildConfigurationList = 31BA5C112E0AE6B7003F627B /* Build configuration list for PBXNativeTarget "HabbitTracker" */;
			buildPhases = (
				31BA5BFA2E0AE6B5003F627B /* Sources */,
				31BA5BFB2E0AE6B5003F627B /* Frameworks */,
				31BA5BFC2E0AE6B5003F627B /* Resources */,
			);
			buildRules = (
			);
			dependencies = (
			);
			name = HabbitTracker;
			packageProductDependencies = (
			);
			productName = HabbitTracker;
			productReference = 31BA5BFE2E0AE6B5003F627B /* HabbitTracker.app */;
			productType = "com.apple.product-type.application";
		};
/* End PBXNativeTarget section */

/* Begin PBXProject section */
		31BA5BF62E0AE6B5003F627B /* Project object */ = {
			isa = PBXProject;
			attributes = {
				BuildIndependentTargetsInParallel = 1;
				LastSwiftUpdateCheck = 1640;
				LastUpgradeCheck = 1640;
				TargetAttributes = {
					31BA5BFD2E0AE6B5003F627B = {
						CreatedOnToolsVersion = 16.4;
					};
				};
			};
			buildConfigurationList = 31BA5BF92E0AE6B5003F627B /* Build configuration list for PBXProject "HabbitTracker" */;
			developmentRegion = en;
			hasScannedForEncodings = 0;
			knownRegions = (
				en,
				Base,
			);
			mainGroup = 31BA5BF52E0AE6B5003F627B;
			minimizedProjectReferenceProxies = 1;
			preferredProjectObjectVersion = 77;
			productRefGroup = 31BA5BFF2E0AE6B5003F627B /* Products */;
			projectDirPath = "";
			projectRoot = "";
			targets = (
				31BA5BFD2E0AE6B5003F627B /* HabbitTracker */,
			);
		};
/* End PBXProject section */

/* Begin PBXResourcesBuildPhase section */
		31BA5BFC2E0AE6B5003F627B /* Resources */ = {
			isa = PBXResourcesBuildPhase;
			buildActionMask = 2147483647;
			files = (
				31BA5C0E2E0AE6B7003F627B /* LaunchScreen.storyboard in Resources */,
				31BA5C0B2E0AE6B7003F627B /* Assets.xcassets in Resources */,
			);
			runOnlyForDeploymentPostprocessing = 0;
		};
/* End PBXResourcesBuildPhase section */

/* Begin PBXSourcesBuildPhase section */
		31BA5BFA2E0AE6B5003F627B /* Sources */ = {
			isa = PBXSourcesBuildPhase;
			buildActionMask = 2147483647;
			files = (
				31BA5C062E0AE6B5003F627B /* HabbitsListViewController.swift in Sources */,
				31BA5C5C2E0BD5D8003F627B /* InputHabbitViewController.swift in Sources */,
				31BA5C5E2E0BD5E1003F627B /* InputHabbitPresenter.swift in Sources */,
				31BA5C022E0AE6B5003F627B /* AppDelegate.swift in Sources */,
				31BA5C4E2E0BD4E0003F627B /* HabbitsListPresenter.swift in Sources */,
				31BA5C592E0BD55F003F627B /* DetailsHabbitInteractor.swift in Sources */,
				31BA5C502E0BD50D003F627B /* HabbitsListInteractor.swift in Sources */,
				31BA5C602E0BD5ED003F627B /* InputHabbitInteractor.swift in Sources */,
				31BA5C552E0BD549003F627B /* DetailsHabbitViewController.swift in Sources */,
				31BA5C662E0BDA35003F627B /* DetailsHabbitConfigurator.swift in Sources */,
				31BA5C522E0BD516003F627B /* HabbitsListRouter.swift in Sources */,
				31BA5C682E0BDD60003F627B /* InputHabbitConfigurator.swift in Sources */,
				31BA5C642E0BD8E0003F627B /* HabbitsListConfigurator.swift in Sources */,
				31BA5C042E0AE6B5003F627B /* SceneDelegate.swift in Sources */,
				31BA5C572E0BD554003F627B /* DetailsHabbitPresenter.swift in Sources */,
			);
			runOnlyForDeploymentPostprocessing = 0;
		};
/* End PBXSourcesBuildPhase section */

/* Begin PBXVariantGroup section */
		31BA5C0C2E0AE6B7003F627B /* LaunchScreen.storyboard */ = {
			isa = PBXVariantGroup;
			children = (
				31BA5C0D2E0AE6B7003F627B /* Base */,
			);
			name = LaunchScreen.storyboard;
			sourceTree = "<group>";
		};
/* End PBXVariantGroup section */

/* Begin XCBuildConfiguration section */
		31BA5C122E0AE6B7003F627B /* Debug */ = {
			isa = XCBuildConfiguration;
			buildSettings = {
				ASSETCATALOG_COMPILER_APPICON_NAME = AppIcon;
				ASSETCATALOG_COMPILER_GLOBAL_ACCENT_COLOR_NAME = AccentColor;
				CODE_SIGN_STYLE = Automatic;
				CURRENT_PROJECT_VERSION = 1;
				DEVELOPMENT_TEAM = HZU66MWZY7;
				GENERATE_INFOPLIST_FILE = YES;
				INFOPLIST_FILE = /Users/himynameisartem/Documents/Development/myApp/PortfolioApp/HabbitTracker/Application/Info.plist;
				INFOPLIST_KEY_UIApplicationSupportsIndirectInputEvents = YES;
				INFOPLIST_KEY_UILaunchStoryboardName = LaunchScreen;
				INFOPLIST_KEY_UISupportedInterfaceOrientations_iPad = "UIInterfaceOrientationPortrait UIInterfaceOrientationPortraitUpsideDown UIInterfaceOrientationLandscapeLeft UIInterfaceOrientationLandscapeRight";
				INFOPLIST_KEY_UISupportedInterfaceOrientations_iPhone = "UIInterfaceOrientationPortrait UIInterfaceOrientationLandscapeLeft UIInterfaceOrientationLandscapeRight";
				LD_RUNPATH_SEARCH_PATHS = (
					"$(inherited)",
					"@executable_path/Frameworks",
				);
				MARKETING_VERSION = 1.0;
				PRODUCT_BUNDLE_IDENTIFIER = ru.himynameisartem.HabbitTracker;
				PRODUCT_NAME = "$(TARGET_NAME)";
				SWIFT_EMIT_LOC_STRINGS = YES;
				SWIFT_VERSION = 5.0;
				TARGETED_DEVICE_FAMILY = "1,2";
			};
			name = Debug;
		};
		31BA5C132E0AE6B7003F627B /* Release */ = {
			isa = XCBuildConfiguration;
			buildSettings = {
				ASSETCATALOG_COMPILER_APPICON_NAME = AppIcon;
				ASSETCATALOG_COMPILER_GLOBAL_ACCENT_COLOR_NAME = AccentColor;
				CODE_SIGN_STYLE = Automatic;
				CURRENT_PROJECT_VERSION = 1;
				DEVELOPMENT_TEAM = HZU66MWZY7;
				GENERATE_INFOPLIST_FILE = YES;
				INFOPLIST_FILE = /Users/himynameisartem/Documents/Development/myApp/PortfolioApp/HabbitTracker/Application/Info.plist;
				INFOPLIST_KEY_UIApplicationSupportsIndirectInputEvents = YES;
				INFOPLIST_KEY_UILaunchStoryboardName = LaunchScreen;
				INFOPLIST_KEY_UISupportedInterfaceOrientations_iPad = "UIInterfaceOrientationPortrait UIInterfaceOrientationPortraitUpsideDown UIInterfaceOrientationLandscapeLeft UIInterfaceOrientationLandscapeRight";
				INFOPLIST_KEY_UISupportedInterfaceOrientations_iPhone = "UIInterfaceOrientationPortrait UIInterfaceOrientationLandscapeLeft UIInterfaceOrientationLandscapeRight";
				LD_RUNPATH_SEARCH_PATHS = (
					"$(inherited)",
					"@executable_path/Frameworks",
				);
				MARKETING_VERSION = 1.0;
				PRODUCT_BUNDLE_IDENTIFIER = ru.himynameisartem.HabbitTracker;
				PRODUCT_NAME = "$(TARGET_NAME)";
				SWIFT_EMIT_LOC_STRINGS = YES;
				SWIFT_VERSION = 5.0;
				TARGETED_DEVICE_FAMILY = "1,2";
			};
			name = Release;
		};
		31BA5C142E0AE6B7003F627B /* Debug */ = {
			isa = XCBuildConfiguration;
			buildSettings = {
				ALWAYS_SEARCH_USER_PATHS = NO;
				ASSETCATALOG_COMPILER_GENERATE_SWIFT_ASSET_SYMBOL_EXTENSIONS = YES;
				CLANG_ANALYZER_NONNULL = YES;
				CLANG_ANALYZER_NUMBER_OBJECT_CONVERSION = YES_AGGRESSIVE;
				CLANG_CXX_LANGUAGE_STANDARD = "gnu++20";
				CLANG_ENABLE_MODULES = YES;
				CLANG_ENABLE_OBJC_ARC = YES;
				CLANG_ENABLE_OBJC_WEAK = YES;
				CLANG_WARN_BLOCK_CAPTURE_AUTORELEASING = YES;
				CLANG_WARN_BOOL_CONVERSION = YES;
				CLANG_WARN_COMMA = YES;
				CLANG_WARN_CONSTANT_CONVERSION = YES;
				CLANG_WARN_DEPRECATED_OBJC_IMPLEMENTATIONS = YES;
				CLANG_WARN_DIRECT_OBJC_ISA_USAGE = YES_ERROR;
				CLANG_WARN_DOCUMENTATION_COMMENTS = YES;
				CLANG_WARN_EMPTY_BODY = YES;
				CLANG_WARN_ENUM_CONVERSION = YES;
				CLANG_WARN_INFINITE_RECURSION = YES;
				CLANG_WARN_INT_CONVERSION = YES;
				CLANG_WARN_NON_LITERAL_NULL_CONVERSION = YES;
				CLANG_WARN_OBJC_IMPLICIT_RETAIN_SELF = YES;
				CLANG_WARN_OBJC_LITERAL_CONVERSION = YES;
				CLANG_WARN_OBJC_ROOT_CLASS = YES_ERROR;
				CLANG_WARN_QUOTED_INCLUDE_IN_FRAMEWORK_HEADER = YES;
				CLANG_WARN_RANGE_LOOP_ANALYSIS = YES;
				CLANG_WARN_STRICT_PROTOTYPES = YES;
				CLANG_WARN_SUSPICIOUS_MOVE = YES;
				CLANG_WARN_UNGUARDED_AVAILABILITY = YES_AGGRESSIVE;
				CLANG_WARN_UNREACHABLE_CODE = YES;
				CLANG_WARN__DUPLICATE_METHOD_MATCH = YES;
				COPY_PHASE_STRIP = NO;
				DEBUG_INFORMATION_FORMAT = dwarf;
				DEVELOPMENT_TEAM = HZU66MWZY7;
				ENABLE_STRICT_OBJC_MSGSEND = YES;
				ENABLE_TESTABILITY = YES;
				ENABLE_USER_SCRIPT_SANDBOXING = YES;
				GCC_C_LANGUAGE_STANDARD = gnu17;
				GCC_DYNAMIC_NO_PIC = NO;
				GCC_NO_COMMON_BLOCKS = YES;
				GCC_OPTIMIZATION_LEVEL = 0;
				GCC_PREPROCESSOR_DEFINITIONS = (
					"DEBUG=1",
					"$(inherited)",
				);
				GCC_WARN_64_TO_32_BIT_CONVERSION = YES;
				GCC_WARN_ABOUT_RETURN_TYPE = YES_ERROR;
				GCC_WARN_UNDECLARED_SELECTOR = YES;
				GCC_WARN_UNINITIALIZED_AUTOS = YES_AGGRESSIVE;
				GCC_WARN_UNUSED_FUNCTION = YES;
				GCC_WARN_UNUSED_VARIABLE = YES;
				IPHONEOS_DEPLOYMENT_TARGET = 18.5;
				LOCALIZATION_PREFERS_STRING_CATALOGS = YES;
				MTL_ENABLE_DEBUG_INFO = INCLUDE_SOURCE;
				MTL_FAST_MATH = YES;
				ONLY_ACTIVE_ARCH = YES;
				SDKROOT = iphoneos;
				SWIFT_ACTIVE_COMPILATION_CONDITIONS = "DEBUG $(inherited)";
				SWIFT_OPTIMIZATION_LEVEL = "-Onone";
			};
			name = Debug;
		};
		31BA5C152E0AE6B7003F627B /* Release */ = {
			isa = XCBuildConfiguration;
			buildSettings = {
				ALWAYS_SEARCH_USER_PATHS = NO;
				ASSETCATALOG_COMPILER_GENERATE_SWIFT_ASSET_SYMBOL_EXTENSIONS = YES;
				CLANG_ANALYZER_NONNULL = YES;
				CLANG_ANALYZER_NUMBER_OBJECT_CONVERSION = YES_AGGRESSIVE;
				CLANG_CXX_LANGUAGE_STANDARD = "gnu++20";
				CLANG_ENABLE_MODULES = YES;
				CLANG_ENABLE_OBJC_ARC = YES;
				CLANG_ENABLE_OBJC_WEAK = YES;
				CLANG_WARN_BLOCK_CAPTURE_AUTORELEASING = YES;
				CLANG_WARN_BOOL_CONVERSION = YES;
				CLANG_WARN_COMMA = YES;
				CLANG_WARN_CONSTANT_CONVERSION = YES;
				CLANG_WARN_DEPRECATED_OBJC_IMPLEMENTATIONS = YES;
				CLANG_WARN_DIRECT_OBJC_ISA_USAGE = YES_ERROR;
				CLANG_WARN_DOCUMENTATION_COMMENTS = YES;
				CLANG_WARN_EMPTY_BODY = YES;
				CLANG_WARN_ENUM_CONVERSION = YES;
				CLANG_WARN_INFINITE_RECURSION = YES;
				CLANG_WARN_INT_CONVERSION = YES;
				CLANG_WARN_NON_LITERAL_NULL_CONVERSION = YES;
				CLANG_WARN_OBJC_IMPLICIT_RETAIN_SELF = YES;
				CLANG_WARN_OBJC_LITERAL_CONVERSION = YES;
				CLANG_WARN_OBJC_ROOT_CLASS = YES_ERROR;
				CLANG_WARN_QUOTED_INCLUDE_IN_FRAMEWORK_HEADER = YES;
				CLANG_WARN_RANGE_LOOP_ANALYSIS = YES;
				CLANG_WARN_STRICT_PROTOTYPES = YES;
				CLANG_WARN_SUSPICIOUS_MOVE = YES;
				CLANG_WARN_UNGUARDED_AVAILABILITY = YES_AGGRESSIVE;
				CLANG_WARN_UNREACHABLE_CODE = YES;
				CLANG_WARN__DUPLICATE_METHOD_MATCH = YES;
				COPY_PHASE_STRIP = NO;
				DEBUG_INFORMATION_FORMAT = "dwarf-with-dsym";
				DEVELOPMENT_TEAM = HZU66MWZY7;
				ENABLE_NS_ASSERTIONS = NO;
				ENABLE_STRICT_OBJC_MSGSEND = YES;
				ENABLE_USER_SCRIPT_SANDBOXING = YES;
				GCC_C_LANGUAGE_STANDARD = gnu17;
				GCC_NO_COMMON_BLOCKS = YES;
				GCC_WARN_64_TO_32_BIT_CONVERSION = YES;
				GCC_WARN_ABOUT_RETURN_TYPE = YES_ERROR;
				GCC_WARN_UNDECLARED_SELECTOR = YES;
				GCC_WARN_UNINITIALIZED_AUTOS = YES_AGGRESSIVE;
				GCC_WARN_UNUSED_FUNCTION = YES;
				GCC_WARN_UNUSED_VARIABLE = YES;
				IPHONEOS_DEPLOYMENT_TARGET = 18.5;
				LOCALIZATION_PREFERS_STRING_CATALOGS = YES;
				MTL_ENABLE_DEBUG_INFO = NO;
				MTL_FAST_MATH = YES;
				SDKROOT = iphoneos;
				SWIFT_COMPILATION_MODE = wholemodule;
				VALIDATE_PRODUCT = YES;
			};
			name = Release;
		};
/* End XCBuildConfiguration section */

/* Begin XCConfigurationList section */
		31BA5BF92E0AE6B5003F627B /* Build configuration list for PBXProject "HabbitTracker" */ = {
			isa = XCConfigurationList;
			buildConfigurations = (
				31BA5C142E0AE6B7003F627B /* Debug */,
				31BA5C152E0AE6B7003F627B /* Release */,
			);
			defaultConfigurationIsVisible = 0;
			defaultConfigurationName = Release;
		};
		31BA5C112E0AE6B7003F627B /* Build configuration list for PBXNativeTarget "HabbitTracker" */ = {
			isa = XCConfigurationList;
			buildConfigurations = (
				31BA5C122E0AE6B7003F627B /* Debug */,
				31BA5C132E0AE6B7003F627B /* Release */,
			);
			defaultConfigurationIsVisible = 0;
			defaultConfigurationName = Release;
		};
/* End XCConfigurationList section */
	};
	rootObject = 31BA5BF62E0AE6B5003F627B /* Project object */;
}
